// !$*UTF8*$!
{
	archiveVersion = 1;
	classes = {
	};
	objectVersion = 46;
	objects = {

/* Begin PBXAggregateTarget section */
		C41919CD3D14C0A0683C96AC /* GainPlugin - All */ = {
			isa = PBXAggregateTarget;
			buildConfigurationList = E638D2B3271C345591C65BBA /* Build configuration list for PBXAggregateTarget "GainPlugin - All" */;
			buildPhases = (
			);
			dependencies = (
				88D6F1B285071E6110480E7B /* PBXTargetDependency */,
				07A207B88FE1CB052A9A81B1 /* PBXTargetDependency */,
				47FEBEEB4DFC45F19BBF4FBA /* PBXTargetDependency */,
				B75166EEF7D744BCDDBD9D38 /* PBXTargetDependency */,
			);
			name = "GainPlugin - All";
			productName = GainPlugin;
		};
/* End PBXAggregateTarget section */

/* Begin PBXBuildFile section */
		027547752856759F29368656 /* include_juce_core.mm in Sources */ = {isa = PBXBuildFile; fileRef = 3377C8D8FC28167A6C9E50EC /* include_juce_core.mm */; };
		0529CFC7DFACB14DE87E9229 /* AudioToolbox.framework in Frameworks */ = {isa = PBXBuildFile; fileRef = F3F2C3F2231BF45AD35243C4 /* AudioToolbox.framework */; };
		0D1958F1567E0FCD69F4B56F /* include_juce_audio_plugin_client_VST_utils.mm in Sources */ = {isa = PBXBuildFile; fileRef = E6C573CD2E9B5DA5B61090EF /* include_juce_audio_plugin_client_VST_utils.mm */; };
		13DB4EB7BFB258DED227B81E /* Accelerate.framework in Frameworks */ = {isa = PBXBuildFile; fileRef = B9C8112DBA01DDD99EE2BCCA /* Accelerate.framework */; };
		172122559054115B7891DFDE /* Main.cpp in Sources */ = {isa = PBXBuildFile; fileRef = 28F24AB3245E47992FD6AA3D /* Main.cpp */; };
		17493E56B5DA26E5FE49D15E /* CoreAudio.framework in Frameworks */ = {isa = PBXBuildFile; fileRef = E545A048F3E5BD5EEBEF57EA /* CoreAudio.framework */; };
		185F7260291C634700DAC608 /* RecentFilesMenuTemplate.nib in Resources */ = {isa = PBXBuildFile; fileRef = 5143EE1A4C8F4CCB8D13699A /* RecentFilesMenuTemplate.nib */; };
		185F7261291C634700DAC608 /* Accelerate.framework in Frameworks */ = {isa = PBXBuildFile; fileRef = B9C8112DBA01DDD99EE2BCCA /* Accelerate.framework */; };
		185F7262291C634700DAC608 /* AudioToolbox.framework in Frameworks */ = {isa = PBXBuildFile; fileRef = F3F2C3F2231BF45AD35243C4 /* AudioToolbox.framework */; };
		185F7263291C634700DAC608 /* Cocoa.framework in Frameworks */ = {isa = PBXBuildFile; fileRef = 1F67EB79CD9B9EDFC2666A08 /* Cocoa.framework */; };
		185F7264291C634700DAC608 /* CoreAudio.framework in Frameworks */ = {isa = PBXBuildFile; fileRef = E545A048F3E5BD5EEBEF57EA /* CoreAudio.framework */; };
		185F7265291C634700DAC608 /* CoreAudioKit.framework in Frameworks */ = {isa = PBXBuildFile; fileRef = C1060D4A5F2793962DA8786F /* CoreAudioKit.framework */; };
		185F7266291C634700DAC608 /* CoreMIDI.framework in Frameworks */ = {isa = PBXBuildFile; fileRef = 6A230B6732A98A08BC1211BA /* CoreMIDI.framework */; };
		185F7267291C634700DAC608 /* DiscRecording.framework in Frameworks */ = {isa = PBXBuildFile; fileRef = 3C22BDDA1156F034EB905E88 /* DiscRecording.framework */; };
		185F7268291C634700DAC608 /* Foundation.framework in Frameworks */ = {isa = PBXBuildFile; fileRef = D72E3BEB13C2690958438373 /* Foundation.framework */; };
		185F7269291C634700DAC608 /* IOKit.framework in Frameworks */ = {isa = PBXBuildFile; fileRef = FDC04173AA2C41D9BF3CAA94 /* IOKit.framework */; };
		185F726A291C634700DAC608 /* QuartzCore.framework in Frameworks */ = {isa = PBXBuildFile; fileRef = A985F8F90F11D047DE897E57 /* QuartzCore.framework */; };
		185F726B291C634700DAC608 /* WebKit.framework in Frameworks */ = {isa = PBXBuildFile; fileRef = 897CDAAF847F2BE08E948E77 /* WebKit.framework */; };
		185F726C291C634700DAC608 /* RecentFilesMenuTemplate.nib in Resources */ = {isa = PBXBuildFile; fileRef = 5143EE1A4C8F4CCB8D13699A /* RecentFilesMenuTemplate.nib */; };
		185F726D291C634700DAC608 /* Accelerate.framework in Frameworks */ = {isa = PBXBuildFile; fileRef = B9C8112DBA01DDD99EE2BCCA /* Accelerate.framework */; };
		185F726E291C634700DAC608 /* AudioToolbox.framework in Frameworks */ = {isa = PBXBuildFile; fileRef = F3F2C3F2231BF45AD35243C4 /* AudioToolbox.framework */; };
		185F726F291C634700DAC608 /* Cocoa.framework in Frameworks */ = {isa = PBXBuildFile; fileRef = 1F67EB79CD9B9EDFC2666A08 /* Cocoa.framework */; };
		185F7270291C634700DAC608 /* CoreAudio.framework in Frameworks */ = {isa = PBXBuildFile; fileRef = E545A048F3E5BD5EEBEF57EA /* CoreAudio.framework */; };
		185F7271291C634700DAC608 /* CoreAudioKit.framework in Frameworks */ = {isa = PBXBuildFile; fileRef = C1060D4A5F2793962DA8786F /* CoreAudioKit.framework */; };
		185F7272291C634700DAC608 /* CoreMIDI.framework in Frameworks */ = {isa = PBXBuildFile; fileRef = 6A230B6732A98A08BC1211BA /* CoreMIDI.framework */; };
		185F7273291C634700DAC608 /* DiscRecording.framework in Frameworks */ = {isa = PBXBuildFile; fileRef = 3C22BDDA1156F034EB905E88 /* DiscRecording.framework */; };
		185F7274291C634700DAC608 /* Foundation.framework in Frameworks */ = {isa = PBXBuildFile; fileRef = D72E3BEB13C2690958438373 /* Foundation.framework */; };
		185F7275291C634700DAC608 /* IOKit.framework in Frameworks */ = {isa = PBXBuildFile; fileRef = FDC04173AA2C41D9BF3CAA94 /* IOKit.framework */; };
		185F7276291C634700DAC608 /* QuartzCore.framework in Frameworks */ = {isa = PBXBuildFile; fileRef = A985F8F90F11D047DE897E57 /* QuartzCore.framework */; };
		185F7277291C634700DAC608 /* WebKit.framework in Frameworks */ = {isa = PBXBuildFile; fileRef = 897CDAAF847F2BE08E948E77 /* WebKit.framework */; };
		2755521DFBB49BA227AE9FB9 /* include_juce_gui_extra.mm in Sources */ = {isa = PBXBuildFile; fileRef = 0CD021CA2768EFF2E87BD548 /* include_juce_gui_extra.mm */; };
		27ED9E3E23B97F1322B7639E /* include_juce_audio_plugin_client_VST3.cpp in Sources */ = {isa = PBXBuildFile; fileRef = 75D1AB14E1784E74D8872DEA /* include_juce_audio_plugin_client_VST3.cpp */; };
		28AC2A390C80B71CBE3B53D9 /* include_juce_gui_basics.mm in Sources */ = {isa = PBXBuildFile; fileRef = 3AB95C57A722239AB189E26C /* include_juce_gui_basics.mm */; };
		2C3EAD264FF73856F20DE163 /* include_juce_audio_devices.mm in Sources */ = {isa = PBXBuildFile; fileRef = 31042EC55ACACE5A9E19007D /* include_juce_audio_devices.mm */; };
		2FD84745179A38E6BCC2445B /* include_juce_audio_plugin_client_Standalone.cpp in Sources */ = {isa = PBXBuildFile; fileRef = 48C45CDB3342392EB43DAD9F /* include_juce_audio_plugin_client_Standalone.cpp */; };
		38457380637A0965DE5B0C50 /* include_juce_audio_basics.mm in Sources */ = {isa = PBXBuildFile; fileRef = AB3589C312E38ACEA191C161 /* include_juce_audio_basics.mm */; };
		4BE31D385E1FDDB90F6F32FF /* include_juce_audio_plugin_client_AU_1.mm in Sources */ = {isa = PBXBuildFile; fileRef = C6C5A8F1EEE4F7D1CAFD5E3C /* include_juce_audio_plugin_client_AU_1.mm */; };
		53D7AE7373A3D449D4D1B26C /* include_juce_data_structures.mm in Sources */ = {isa = PBXBuildFile; fileRef = C8AA51E5724BE7A70ACCD7B5 /* include_juce_data_structures.mm */; };
		601C29B796C8D8D371B54465 /* include_juce_audio_processors_ara.cpp in Sources */ = {isa = PBXBuildFile; fileRef = FE936E6195B8A0812E8F1D50 /* include_juce_audio_processors_ara.cpp */; };
		66CEBB03E1B86C395887864A /* include_juce_audio_plugin_client_utils.cpp in Sources */ = {isa = PBXBuildFile; fileRef = C3501AD56D7096BA88CFAC1C /* include_juce_audio_plugin_client_utils.cpp */; };
		69AD9C0D431DCD0C8ADF6F33 /* include_juce_events.mm in Sources */ = {isa = PBXBuildFile; fileRef = 2CE2C63AE00C2178F79D4744 /* include_juce_events.mm */; };
		803EDB60FA78746A61A1C2B3 /* RecentFilesMenuTemplate.nib in Resources */ = {isa = PBXBuildFile; fileRef = 5143EE1A4C8F4CCB8D13699A /* RecentFilesMenuTemplate.nib */; };
		80DDBC42521196BE6E2F2469 /* include_juce_audio_formats.mm in Sources */ = {isa = PBXBuildFile; fileRef = 20C9D25D8E7DE6B4A939E0C6 /* include_juce_audio_formats.mm */; };
		82A9ADEE96BBCDD90BEAFE04 /* QuartzCore.framework in Frameworks */ = {isa = PBXBuildFile; fileRef = A985F8F90F11D047DE897E57 /* QuartzCore.framework */; };
		89BCE36AFDAB9CC4758C537C /* DiscRecording.framework in Frameworks */ = {isa = PBXBuildFile; fileRef = 3C22BDDA1156F034EB905E88 /* DiscRecording.framework */; };
		8D31F710D44F533F2348E295 /* include_juce_dsp.mm in Sources */ = {isa = PBXBuildFile; fileRef = F63E373E5E0CD30A46D74E0A /* include_juce_dsp.mm */; };
		8FFA7A8BE0D5103949E41177 /* include_juce_audio_processors_lv2_libs.cpp in Sources */ = {isa = PBXBuildFile; fileRef = 0DFA433309580D6290308BA3 /* include_juce_audio_processors_lv2_libs.cpp */; };
		90ACACB0BBAFD5480135FF1E /* AudioUnit.framework in Frameworks */ = {isa = PBXBuildFile; fileRef = 515BC581CE23B388B298E137 /* AudioUnit.framework */; };
		9239E8C267408F22740F6026 /* CoreAudioKit.framework in Frameworks */ = {isa = PBXBuildFile; fileRef = C1060D4A5F2793962DA8786F /* CoreAudioKit.framework */; };
		A34029B708A0D5D17E806E37 /* include_juce_graphics.mm in Sources */ = {isa = PBXBuildFile; fileRef = 5F74B728905E215DEDA38D1F /* include_juce_graphics.mm */; };
		A8571F926C2E1ED0FE022BA9 /* include_juce_audio_plugin_client_AU_2.mm in Sources */ = {isa = PBXBuildFile; fileRef = D64023C53E82EBC614D8BD6D /* include_juce_audio_plugin_client_AU_2.mm */; };
		A9B59D12A80FF680708287EB /* WebKit.framework in Frameworks */ = {isa = PBXBuildFile; fileRef = 897CDAAF847F2BE08E948E77 /* WebKit.framework */; };
		B090C09F12ADADAD3241C6EB /* BinaryData.cpp in Sources */ = {isa = PBXBuildFile; fileRef = 2FE7496D65CCA4C7E3FC44DF /* BinaryData.cpp */; };
		B3B6BBE5D5CF136343BBB95E /* IOKit.framework in Frameworks */ = {isa = PBXBuildFile; fileRef = FDC04173AA2C41D9BF3CAA94 /* IOKit.framework */; };
		BAA0E0AD3678DEB6CAF58F95 /* include_juce_audio_plugin_client_ARA.cpp in Sources */ = {isa = PBXBuildFile; fileRef = E7BC684A6EBDC154D335DDAC /* include_juce_audio_plugin_client_ARA.cpp */; };
		C02264E892694626C5AA21C0 /* Cocoa.framework in Frameworks */ = {isa = PBXBuildFile; fileRef = 1F67EB79CD9B9EDFC2666A08 /* Cocoa.framework */; };
		D530EE143CCB5A2F63DA7324 /* Foundation.framework in Frameworks */ = {isa = PBXBuildFile; fileRef = D72E3BEB13C2690958438373 /* Foundation.framework */; };
		D610378E91CDE9F63B8310C4 /* CoreMIDI.framework in Frameworks */ = {isa = PBXBuildFile; fileRef = 6A230B6732A98A08BC1211BA /* CoreMIDI.framework */; };
		D78CE22CB5D5DCEB0FC79D56 /* include_juce_audio_processors.mm in Sources */ = {isa = PBXBuildFile; fileRef = DDDC9FC05C6890A517DECCA1 /* include_juce_audio_processors.mm */; };
		D9B83D31693ADE68D1FF47D5 /* include_juce_audio_utils.mm in Sources */ = {isa = PBXBuildFile; fileRef = A79939F3ABCE03BA321AA5BC /* include_juce_audio_utils.mm */; };
		FB90F8A1195B926791A1B930 /* include_juce_audio_plugin_client_AU.r in Rez */ = {isa = PBXBuildFile; fileRef = CDBDFC39DB41E0EBB41491AA /* include_juce_audio_plugin_client_AU.r */; };
/* End PBXBuildFile section */

/* Begin PBXContainerItemProxy section */
		185F7278291C634800DAC608 /* PBXContainerItemProxy */ = {
			isa = PBXContainerItemProxy;
			containerPortal = 2517FA45B1A2073314F92BDA /* Project object */;
			proxyType = 1;
			remoteGlobalIDString = EA10F529FEC074FE0CA10C9A;
			remoteInfo = "GainPlugin - Shared Code";
		};
		185F7279291C634800DAC608 /* PBXContainerItemProxy */ = {
			isa = PBXContainerItemProxy;
			containerPortal = 2517FA45B1A2073314F92BDA /* Project object */;
			proxyType = 1;
			remoteGlobalIDString = EA10F529FEC074FE0CA10C9A;
			remoteInfo = "GainPlugin - Shared Code";
		};
		185F727A291C634800DAC608 /* PBXContainerItemProxy */ = {
			isa = PBXContainerItemProxy;
			containerPortal = 2517FA45B1A2073314F92BDA /* Project object */;
			proxyType = 1;
			remoteGlobalIDString = EA10F529FEC074FE0CA10C9A;
			remoteInfo = "GainPlugin - Shared Code";
		};
		185F727B291C634800DAC608 /* PBXContainerItemProxy */ = {
			isa = PBXContainerItemProxy;
			containerPortal = 2517FA45B1A2073314F92BDA /* Project object */;
			proxyType = 1;
			remoteGlobalIDString = 84CD8D2073B27328FFD9F593;
			remoteInfo = "GainPlugin - VST3";
		};
		185F727C291C634800DAC608 /* PBXContainerItemProxy */ = {
			isa = PBXContainerItemProxy;
			containerPortal = 2517FA45B1A2073314F92BDA /* Project object */;
			proxyType = 1;
			remoteGlobalIDString = 2D78AC9320476984E8AB931B;
			remoteInfo = "GainPlugin - AU";
		};
		185F727D291C634800DAC608 /* PBXContainerItemProxy */ = {
			isa = PBXContainerItemProxy;
			containerPortal = 2517FA45B1A2073314F92BDA /* Project object */;
			proxyType = 1;
			remoteGlobalIDString = 6955225A2F596A4AFA4C2076;
			remoteInfo = "GainPlugin - Standalone Plugin";
		};
		185F727E291C634800DAC608 /* PBXContainerItemProxy */ = {
			isa = PBXContainerItemProxy;
			containerPortal = 2517FA45B1A2073314F92BDA /* Project object */;
			proxyType = 1;
			remoteGlobalIDString = EA10F529FEC074FE0CA10C9A;
			remoteInfo = "GainPlugin - Shared Code";
		};
/* End PBXContainerItemProxy section */

/* Begin PBXFileReference section */
		05AB1EED3BB3542BCE04B0D7 /* BinaryData.h */ = {isa = PBXFileReference; lastKnownFileType = sourcecode.c.h; name = BinaryData.h; path = ../../JuceLibraryCode/BinaryData.h; sourceTree = SOURCE_ROOT; };
		0CD021CA2768EFF2E87BD548 /* include_juce_gui_extra.mm */ = {isa = PBXFileReference; lastKnownFileType = sourcecode.cpp.objcpp; name = include_juce_gui_extra.mm; path = ../../JuceLibraryCode/include_juce_gui_extra.mm; sourceTree = SOURCE_ROOT; };
		0DFA433309580D6290308BA3 /* include_juce_audio_processors_lv2_libs.cpp */ = {isa = PBXFileReference; lastKnownFileType = sourcecode.cpp.cpp; name = include_juce_audio_processors_lv2_libs.cpp; path = ../../JuceLibraryCode/include_juce_audio_processors_lv2_libs.cpp; sourceTree = SOURCE_ROOT; };
		13978A9D948B91BB3A804650 /* juce_core */ = {isa = PBXFileReference; lastKnownFileType = folder; name = juce_core; path = /Users/bgillock/Documents/JUCE/modules/juce_core; sourceTree = "<absolute>"; };
		1A2046A3F25A6B5C65EF26C5 /* GainPluginDemo.h */ = {isa = PBXFileReference; lastKnownFileType = sourcecode.c.h; name = GainPluginDemo.h; path = ../../Source/GainPluginDemo.h; sourceTree = SOURCE_ROOT; };
		1BA64849DF699C8101BDBE77 /* juce_events */ = {isa = PBXFileReference; lastKnownFileType = folder; name = juce_events; path = /Users/bgillock/Documents/JUCE/modules/juce_events; sourceTree = "<absolute>"; };
		1F67EB79CD9B9EDFC2666A08 /* Cocoa.framework */ = {isa = PBXFileReference; lastKnownFileType = wrapper.framework; name = Cocoa.framework; path = System/Library/Frameworks/Cocoa.framework; sourceTree = SDKROOT; };
		20C9D25D8E7DE6B4A939E0C6 /* include_juce_audio_formats.mm */ = {isa = PBXFileReference; lastKnownFileType = sourcecode.cpp.objcpp; name = include_juce_audio_formats.mm; path = ../../JuceLibraryCode/include_juce_audio_formats.mm; sourceTree = SOURCE_ROOT; };
		2382C8E6BF3DFD45912127EA /* juce_audio_utils */ = {isa = PBXFileReference; lastKnownFileType = folder; name = juce_audio_utils; path = /Users/bgillock/Documents/JUCE/modules/juce_audio_utils; sourceTree = "<absolute>"; };
		28F24AB3245E47992FD6AA3D /* Main.cpp */ = {isa = PBXFileReference; lastKnownFileType = sourcecode.cpp.cpp; name = Main.cpp; path = ../../Source/Main.cpp; sourceTree = SOURCE_ROOT; };
		2C9A0FEC27C66B51F5491520 /* libGainPlugin.a */ = {isa = PBXFileReference; explicitFileType = archive.ar; includeInIndex = 0; path = libGainPlugin.a; sourceTree = BUILT_PRODUCTS_DIR; };
		2CE2C63AE00C2178F79D4744 /* include_juce_events.mm */ = {isa = PBXFileReference; lastKnownFileType = sourcecode.cpp.objcpp; name = include_juce_events.mm; path = ../../JuceLibraryCode/include_juce_events.mm; sourceTree = SOURCE_ROOT; };
		2FE7496D65CCA4C7E3FC44DF /* BinaryData.cpp */ = {isa = PBXFileReference; lastKnownFileType = sourcecode.cpp.cpp; name = BinaryData.cpp; path = ../../JuceLibraryCode/BinaryData.cpp; sourceTree = SOURCE_ROOT; };
		31042EC55ACACE5A9E19007D /* include_juce_audio_devices.mm */ = {isa = PBXFileReference; lastKnownFileType = sourcecode.cpp.objcpp; name = include_juce_audio_devices.mm; path = ../../JuceLibraryCode/include_juce_audio_devices.mm; sourceTree = SOURCE_ROOT; };
		3184FD95EBC80BC175BF3BB2 /* juce_dsp */ = {isa = PBXFileReference; lastKnownFileType = folder; name = juce_dsp; path = /Users/bgillock/Documents/JUCE/modules/juce_dsp; sourceTree = "<absolute>"; };
		3377C8D8FC28167A6C9E50EC /* include_juce_core.mm */ = {isa = PBXFileReference; lastKnownFileType = sourcecode.cpp.objcpp; name = include_juce_core.mm; path = ../../JuceLibraryCode/include_juce_core.mm; sourceTree = SOURCE_ROOT; };
		3AB95C57A722239AB189E26C /* include_juce_gui_basics.mm */ = {isa = PBXFileReference; lastKnownFileType = sourcecode.cpp.objcpp; name = include_juce_gui_basics.mm; path = ../../JuceLibraryCode/include_juce_gui_basics.mm; sourceTree = SOURCE_ROOT; };
		3BB22BB808D91647A302D69F /* JucePluginDefines.h */ = {isa = PBXFileReference; lastKnownFileType = sourcecode.c.h; name = JucePluginDefines.h; path = ../../JuceLibraryCode/JucePluginDefines.h; sourceTree = SOURCE_ROOT; };
		3C22BDDA1156F034EB905E88 /* DiscRecording.framework */ = {isa = PBXFileReference; lastKnownFileType = wrapper.framework; name = DiscRecording.framework; path = System/Library/Frameworks/DiscRecording.framework; sourceTree = SDKROOT; };
		3D13531AF94D0C5F521474E6 /* juce_gui_basics */ = {isa = PBXFileReference; lastKnownFileType = folder; name = juce_gui_basics; path = /Users/bgillock/Documents/JUCE/modules/juce_gui_basics; sourceTree = "<absolute>"; };
		48C45CDB3342392EB43DAD9F /* include_juce_audio_plugin_client_Standalone.cpp */ = {isa = PBXFileReference; lastKnownFileType = sourcecode.cpp.cpp; name = include_juce_audio_plugin_client_Standalone.cpp; path = ../../JuceLibraryCode/include_juce_audio_plugin_client_Standalone.cpp; sourceTree = SOURCE_ROOT; };
		5143EE1A4C8F4CCB8D13699A /* RecentFilesMenuTemplate.nib */ = {isa = PBXFileReference; lastKnownFileType = file.nib; path = RecentFilesMenuTemplate.nib; sourceTree = SOURCE_ROOT; };
		515BC581CE23B388B298E137 /* AudioUnit.framework */ = {isa = PBXFileReference; lastKnownFileType = wrapper.framework; name = AudioUnit.framework; path = System/Library/Frameworks/AudioUnit.framework; sourceTree = SDKROOT; };
		5F74B728905E215DEDA38D1F /* include_juce_graphics.mm */ = {isa = PBXFileReference; lastKnownFileType = sourcecode.cpp.objcpp; name = include_juce_graphics.mm; path = ../../JuceLibraryCode/include_juce_graphics.mm; sourceTree = SOURCE_ROOT; };
		6A230B6732A98A08BC1211BA /* CoreMIDI.framework */ = {isa = PBXFileReference; lastKnownFileType = wrapper.framework; name = CoreMIDI.framework; path = System/Library/Frameworks/CoreMIDI.framework; sourceTree = SDKROOT; };
		6D0357A1DA9E57DCE5E64978 /* juce_data_structures */ = {isa = PBXFileReference; lastKnownFileType = folder; name = juce_data_structures; path = /Users/bgillock/Documents/JUCE/modules/juce_data_structures; sourceTree = "<absolute>"; };
		7171150F1C38E24F02CBFCDF /* GainPlugin.vst3 */ = {isa = PBXFileReference; explicitFileType = wrapper.cfbundle; includeInIndex = 0; path = GainPlugin.vst3; sourceTree = BUILT_PRODUCTS_DIR; };
		75D1AB14E1784E74D8872DEA /* include_juce_audio_plugin_client_VST3.cpp */ = {isa = PBXFileReference; lastKnownFileType = sourcecode.cpp.cpp; name = include_juce_audio_plugin_client_VST3.cpp; path = ../../JuceLibraryCode/include_juce_audio_plugin_client_VST3.cpp; sourceTree = SOURCE_ROOT; };
		8018F82092DA7C0A2DC7E5BA /* Info-Standalone_Plugin.plist */ = {isa = PBXFileReference; lastKnownFileType = text.plist.xml; path = "Info-Standalone_Plugin.plist"; sourceTree = SOURCE_ROOT; };
		85EFF7EE9573E675545FB2F9 /* juce_audio_devices */ = {isa = PBXFileReference; lastKnownFileType = folder; name = juce_audio_devices; path = /Users/bgillock/Documents/JUCE/modules/juce_audio_devices; sourceTree = "<absolute>"; };
		897CDAAF847F2BE08E948E77 /* WebKit.framework */ = {isa = PBXFileReference; lastKnownFileType = wrapper.framework; name = WebKit.framework; path = System/Library/Frameworks/WebKit.framework; sourceTree = SDKROOT; };
		8D05155115F23D9AAEB4408D /* juce_audio_plugin_client */ = {isa = PBXFileReference; lastKnownFileType = folder; name = juce_audio_plugin_client; path = /Users/bgillock/Documents/JUCE/modules/juce_audio_plugin_client; sourceTree = "<absolute>"; };
		A1781689BCED5703D08CD215 /* juce_audio_basics */ = {isa = PBXFileReference; lastKnownFileType = folder; name = juce_audio_basics; path = /Users/bgillock/Documents/JUCE/modules/juce_audio_basics; sourceTree = "<absolute>"; };
		A79939F3ABCE03BA321AA5BC /* include_juce_audio_utils.mm */ = {isa = PBXFileReference; lastKnownFileType = sourcecode.cpp.objcpp; name = include_juce_audio_utils.mm; path = ../../JuceLibraryCode/include_juce_audio_utils.mm; sourceTree = SOURCE_ROOT; };
		A985F8F90F11D047DE897E57 /* QuartzCore.framework */ = {isa = PBXFileReference; lastKnownFileType = wrapper.framework; name = QuartzCore.framework; path = System/Library/Frameworks/QuartzCore.framework; sourceTree = SDKROOT; };
		A98B084FB2DAA7E184A7165C /* juce_gui_extra */ = {isa = PBXFileReference; lastKnownFileType = folder; name = juce_gui_extra; path = /Users/bgillock/Documents/JUCE/modules/juce_gui_extra; sourceTree = "<absolute>"; };
		AB3589C312E38ACEA191C161 /* include_juce_audio_basics.mm */ = {isa = PBXFileReference; lastKnownFileType = sourcecode.cpp.objcpp; name = include_juce_audio_basics.mm; path = ../../JuceLibraryCode/include_juce_audio_basics.mm; sourceTree = SOURCE_ROOT; };
		B308E3384D4108AF0B7D0920 /* juce_graphics */ = {isa = PBXFileReference; lastKnownFileType = folder; name = juce_graphics; path = /Users/bgillock/Documents/JUCE/modules/juce_graphics; sourceTree = "<absolute>"; };
		B9C8112DBA01DDD99EE2BCCA /* Accelerate.framework */ = {isa = PBXFileReference; lastKnownFileType = wrapper.framework; name = Accelerate.framework; path = System/Library/Frameworks/Accelerate.framework; sourceTree = SDKROOT; };
		BC7E5E478D802081015D17FC /* JuceHeader.h */ = {isa = PBXFileReference; lastKnownFileType = sourcecode.c.h; name = JuceHeader.h; path = ../../JuceLibraryCode/JuceHeader.h; sourceTree = SOURCE_ROOT; };
		C1060D4A5F2793962DA8786F /* CoreAudioKit.framework */ = {isa = PBXFileReference; lastKnownFileType = wrapper.framework; name = CoreAudioKit.framework; path = System/Library/Frameworks/CoreAudioKit.framework; sourceTree = SDKROOT; };
		C3501AD56D7096BA88CFAC1C /* include_juce_audio_plugin_client_utils.cpp */ = {isa = PBXFileReference; lastKnownFileType = sourcecode.cpp.cpp; name = include_juce_audio_plugin_client_utils.cpp; path = ../../JuceLibraryCode/include_juce_audio_plugin_client_utils.cpp; sourceTree = SOURCE_ROOT; };
		C6C5A8F1EEE4F7D1CAFD5E3C /* include_juce_audio_plugin_client_AU_1.mm */ = {isa = PBXFileReference; lastKnownFileType = sourcecode.cpp.objcpp; name = include_juce_audio_plugin_client_AU_1.mm; path = ../../JuceLibraryCode/include_juce_audio_plugin_client_AU_1.mm; sourceTree = SOURCE_ROOT; };
		C8AA51E5724BE7A70ACCD7B5 /* include_juce_data_structures.mm */ = {isa = PBXFileReference; lastKnownFileType = sourcecode.cpp.objcpp; name = include_juce_data_structures.mm; path = ../../JuceLibraryCode/include_juce_data_structures.mm; sourceTree = SOURCE_ROOT; };
		CAF6F4B9CA3AC87995C52273 /* juce_audio_processors */ = {isa = PBXFileReference; lastKnownFileType = folder; name = juce_audio_processors; path = /Users/bgillock/Documents/JUCE/modules/juce_audio_processors; sourceTree = "<absolute>"; };
		CBB71491663E61AF017056EB /* GainPlugin.app */ = {isa = PBXFileReference; explicitFileType = wrapper.application; includeInIndex = 0; path = GainPlugin.app; sourceTree = BUILT_PRODUCTS_DIR; };
		CDBDFC39DB41E0EBB41491AA /* include_juce_audio_plugin_client_AU.r */ = {isa = PBXFileReference; lastKnownFileType = file.r; name = include_juce_audio_plugin_client_AU.r; path = ../../JuceLibraryCode/include_juce_audio_plugin_client_AU.r; sourceTree = SOURCE_ROOT; };
		D64023C53E82EBC614D8BD6D /* include_juce_audio_plugin_client_AU_2.mm */ = {isa = PBXFileReference; lastKnownFileType = sourcecode.cpp.objcpp; name = include_juce_audio_plugin_client_AU_2.mm; path = ../../JuceLibraryCode/include_juce_audio_plugin_client_AU_2.mm; sourceTree = SOURCE_ROOT; };
		D72E3BEB13C2690958438373 /* Foundation.framework */ = {isa = PBXFileReference; lastKnownFileType = wrapper.framework; name = Foundation.framework; path = System/Library/Frameworks/Foundation.framework; sourceTree = SDKROOT; };
		DC3488275F0E032C3DE93A23 /* output-onlinepngtools.png */ = {isa = PBXFileReference; lastKnownFileType = image.png; name = "output-onlinepngtools.png"; path = "../../Source/output-onlinepngtools.png"; sourceTree = SOURCE_ROOT; };
		DDDC9FC05C6890A517DECCA1 /* include_juce_audio_processors.mm */ = {isa = PBXFileReference; lastKnownFileType = sourcecode.cpp.objcpp; name = include_juce_audio_processors.mm; path = ../../JuceLibraryCode/include_juce_audio_processors.mm; sourceTree = SOURCE_ROOT; };
		DF568FD7D1074D0B49273D28 /* GainPlugin.component */ = {isa = PBXFileReference; explicitFileType = wrapper.cfbundle; includeInIndex = 0; path = GainPlugin.component; sourceTree = BUILT_PRODUCTS_DIR; };
		E545A048F3E5BD5EEBEF57EA /* CoreAudio.framework */ = {isa = PBXFileReference; lastKnownFileType = wrapper.framework; name = CoreAudio.framework; path = System/Library/Frameworks/CoreAudio.framework; sourceTree = SDKROOT; };
		E6C573CD2E9B5DA5B61090EF /* include_juce_audio_plugin_client_VST_utils.mm */ = {isa = PBXFileReference; lastKnownFileType = sourcecode.cpp.objcpp; name = include_juce_audio_plugin_client_VST_utils.mm; path = ../../JuceLibraryCode/include_juce_audio_plugin_client_VST_utils.mm; sourceTree = SOURCE_ROOT; };
		E7BC684A6EBDC154D335DDAC /* include_juce_audio_plugin_client_ARA.cpp */ = {isa = PBXFileReference; lastKnownFileType = sourcecode.cpp.cpp; name = include_juce_audio_plugin_client_ARA.cpp; path = ../../JuceLibraryCode/include_juce_audio_plugin_client_ARA.cpp; sourceTree = SOURCE_ROOT; };
		ED5E71D4429514270FC9BC6A /* Info-VST3.plist */ = {isa = PBXFileReference; lastKnownFileType = text.plist.xml; path = "Info-VST3.plist"; sourceTree = SOURCE_ROOT; };
		EF6E343B3FE143F81E26C4E6 /* juce_audio_formats */ = {isa = PBXFileReference; lastKnownFileType = folder; name = juce_audio_formats; path = /Users/bgillock/Documents/JUCE/modules/juce_audio_formats; sourceTree = "<absolute>"; };
		F3F2C3F2231BF45AD35243C4 /* AudioToolbox.framework */ = {isa = PBXFileReference; lastKnownFileType = wrapper.framework; name = AudioToolbox.framework; path = System/Library/Frameworks/AudioToolbox.framework; sourceTree = SDKROOT; };
		F63E373E5E0CD30A46D74E0A /* include_juce_dsp.mm */ = {isa = PBXFileReference; lastKnownFileType = sourcecode.cpp.objcpp; name = include_juce_dsp.mm; path = ../../JuceLibraryCode/include_juce_dsp.mm; sourceTree = SOURCE_ROOT; };
		FDC04173AA2C41D9BF3CAA94 /* IOKit.framework */ = {isa = PBXFileReference; lastKnownFileType = wrapper.framework; name = IOKit.framework; path = System/Library/Frameworks/IOKit.framework; sourceTree = SDKROOT; };
		FE936E6195B8A0812E8F1D50 /* include_juce_audio_processors_ara.cpp */ = {isa = PBXFileReference; lastKnownFileType = sourcecode.cpp.cpp; name = include_juce_audio_processors_ara.cpp; path = ../../JuceLibraryCode/include_juce_audio_processors_ara.cpp; sourceTree = SOURCE_ROOT; };
		FF8225C967F648E62CEDB9E3 /* Info-AU.plist */ = {isa = PBXFileReference; lastKnownFileType = text.plist.xml; path = "Info-AU.plist"; sourceTree = SOURCE_ROOT; };
/* End PBXFileReference section */

/* Begin PBXFrameworksBuildPhase section */
		26CE0CCE3E5400BDFDD506FA /* Frameworks */ = {
			isa = PBXFrameworksBuildPhase;
			buildActionMask = 2147483647;
			files = (
				90ACACB0BBAFD5480135FF1E /* AudioUnit.framework in Frameworks */,
				185F7261291C634700DAC608 /* Accelerate.framework in Frameworks */,
				185F7262291C634700DAC608 /* AudioToolbox.framework in Frameworks */,
				185F7263291C634700DAC608 /* Cocoa.framework in Frameworks */,
				185F7264291C634700DAC608 /* CoreAudio.framework in Frameworks */,
				185F7265291C634700DAC608 /* CoreAudioKit.framework in Frameworks */,
				185F7266291C634700DAC608 /* CoreMIDI.framework in Frameworks */,
				185F7267291C634700DAC608 /* DiscRecording.framework in Frameworks */,
				185F7268291C634700DAC608 /* Foundation.framework in Frameworks */,
				185F7269291C634700DAC608 /* IOKit.framework in Frameworks */,
				185F726A291C634700DAC608 /* QuartzCore.framework in Frameworks */,
				185F726B291C634700DAC608 /* WebKit.framework in Frameworks */,
			);
			runOnlyForDeploymentPostprocessing = 0;
		};
		5E6E81EBC7F8C0C420B5EDEB /* Frameworks */ = {
			isa = PBXFrameworksBuildPhase;
			buildActionMask = 2147483647;
			files = (
				185F726D291C634700DAC608 /* Accelerate.framework in Frameworks */,
				185F726E291C634700DAC608 /* AudioToolbox.framework in Frameworks */,
				185F726F291C634700DAC608 /* Cocoa.framework in Frameworks */,
				185F7270291C634700DAC608 /* CoreAudio.framework in Frameworks */,
				185F7271291C634700DAC608 /* CoreAudioKit.framework in Frameworks */,
				185F7272291C634700DAC608 /* CoreMIDI.framework in Frameworks */,
				185F7273291C634700DAC608 /* DiscRecording.framework in Frameworks */,
				185F7274291C634700DAC608 /* Foundation.framework in Frameworks */,
				185F7275291C634700DAC608 /* IOKit.framework in Frameworks */,
				185F7276291C634700DAC608 /* QuartzCore.framework in Frameworks */,
				185F7277291C634700DAC608 /* WebKit.framework in Frameworks */,
			);
			runOnlyForDeploymentPostprocessing = 0;
		};
		E95FBA06258BD68F27BB895F /* Frameworks */ = {
			isa = PBXFrameworksBuildPhase;
			buildActionMask = 2147483647;
			files = (
				13DB4EB7BFB258DED227B81E /* Accelerate.framework in Frameworks */,
				0529CFC7DFACB14DE87E9229 /* AudioToolbox.framework in Frameworks */,
				C02264E892694626C5AA21C0 /* Cocoa.framework in Frameworks */,
				17493E56B5DA26E5FE49D15E /* CoreAudio.framework in Frameworks */,
				9239E8C267408F22740F6026 /* CoreAudioKit.framework in Frameworks */,
				D610378E91CDE9F63B8310C4 /* CoreMIDI.framework in Frameworks */,
				89BCE36AFDAB9CC4758C537C /* DiscRecording.framework in Frameworks */,
				D530EE143CCB5A2F63DA7324 /* Foundation.framework in Frameworks */,
				B3B6BBE5D5CF136343BBB95E /* IOKit.framework in Frameworks */,
				82A9ADEE96BBCDD90BEAFE04 /* QuartzCore.framework in Frameworks */,
				A9B59D12A80FF680708287EB /* WebKit.framework in Frameworks */,
			);
			runOnlyForDeploymentPostprocessing = 0;
		};
/* End PBXFrameworksBuildPhase section */

/* Begin PBXGroup section */
		229F479A8ADF428020CA68E4 /* JUCE Library Code */ = {
			isa = PBXGroup;
			children = (
				2FE7496D65CCA4C7E3FC44DF /* BinaryData.cpp */,
				05AB1EED3BB3542BCE04B0D7 /* BinaryData.h */,
				AB3589C312E38ACEA191C161 /* include_juce_audio_basics.mm */,
				31042EC55ACACE5A9E19007D /* include_juce_audio_devices.mm */,
				20C9D25D8E7DE6B4A939E0C6 /* include_juce_audio_formats.mm */,
				E7BC684A6EBDC154D335DDAC /* include_juce_audio_plugin_client_ARA.cpp */,
				CDBDFC39DB41E0EBB41491AA /* include_juce_audio_plugin_client_AU.r */,
				C6C5A8F1EEE4F7D1CAFD5E3C /* include_juce_audio_plugin_client_AU_1.mm */,
				D64023C53E82EBC614D8BD6D /* include_juce_audio_plugin_client_AU_2.mm */,
				48C45CDB3342392EB43DAD9F /* include_juce_audio_plugin_client_Standalone.cpp */,
				C3501AD56D7096BA88CFAC1C /* include_juce_audio_plugin_client_utils.cpp */,
				E6C573CD2E9B5DA5B61090EF /* include_juce_audio_plugin_client_VST_utils.mm */,
				75D1AB14E1784E74D8872DEA /* include_juce_audio_plugin_client_VST3.cpp */,
				DDDC9FC05C6890A517DECCA1 /* include_juce_audio_processors.mm */,
				FE936E6195B8A0812E8F1D50 /* include_juce_audio_processors_ara.cpp */,
				0DFA433309580D6290308BA3 /* include_juce_audio_processors_lv2_libs.cpp */,
				A79939F3ABCE03BA321AA5BC /* include_juce_audio_utils.mm */,
				3377C8D8FC28167A6C9E50EC /* include_juce_core.mm */,
				C8AA51E5724BE7A70ACCD7B5 /* include_juce_data_structures.mm */,
				F63E373E5E0CD30A46D74E0A /* include_juce_dsp.mm */,
				2CE2C63AE00C2178F79D4744 /* include_juce_events.mm */,
				5F74B728905E215DEDA38D1F /* include_juce_graphics.mm */,
				3AB95C57A722239AB189E26C /* include_juce_gui_basics.mm */,
				0CD021CA2768EFF2E87BD548 /* include_juce_gui_extra.mm */,
				BC7E5E478D802081015D17FC /* JuceHeader.h */,
				3BB22BB808D91647A302D69F /* JucePluginDefines.h */,
			);
			name = "JUCE Library Code";
			sourceTree = "<group>";
		};
		46AD87765023CAB1FD745FF0 /* Frameworks */ = {
			isa = PBXGroup;
			children = (
				515BC581CE23B388B298E137 /* AudioUnit.framework */,
				B9C8112DBA01DDD99EE2BCCA /* Accelerate.framework */,
				F3F2C3F2231BF45AD35243C4 /* AudioToolbox.framework */,
				1F67EB79CD9B9EDFC2666A08 /* Cocoa.framework */,
				E545A048F3E5BD5EEBEF57EA /* CoreAudio.framework */,
				C1060D4A5F2793962DA8786F /* CoreAudioKit.framework */,
				6A230B6732A98A08BC1211BA /* CoreMIDI.framework */,
				3C22BDDA1156F034EB905E88 /* DiscRecording.framework */,
				D72E3BEB13C2690958438373 /* Foundation.framework */,
				FDC04173AA2C41D9BF3CAA94 /* IOKit.framework */,
				A985F8F90F11D047DE897E57 /* QuartzCore.framework */,
				897CDAAF847F2BE08E948E77 /* WebKit.framework */,
			);
			name = Frameworks;
			sourceTree = "<group>";
		};
		685172D4CED5601082A606FD /* Resources */ = {
			isa = PBXGroup;
			children = (
				ED5E71D4429514270FC9BC6A /* Info-VST3.plist */,
				FF8225C967F648E62CEDB9E3 /* Info-AU.plist */,
				8018F82092DA7C0A2DC7E5BA /* Info-Standalone_Plugin.plist */,
				5143EE1A4C8F4CCB8D13699A /* RecentFilesMenuTemplate.nib */,
			);
			name = Resources;
			sourceTree = "<group>";
		};
		D86044EB71545E1389A7CE28 /* Source */ = {
			isa = PBXGroup;
			children = (
				28F24AB3245E47992FD6AA3D /* Main.cpp */,
				1A2046A3F25A6B5C65EF26C5 /* GainPluginDemo.h */,
			);
			name = Source;
			sourceTree = "<group>";
		};
		E2115AFF663A28107F8F2CD4 /* Source */ = {
			isa = PBXGroup;
			children = (
				FB0B5B0D7D95A283648201A6 /* GainPlugin */,
				F3D878E492298B4B58450242 /* JUCE Modules */,
				229F479A8ADF428020CA68E4 /* JUCE Library Code */,
				685172D4CED5601082A606FD /* Resources */,
				46AD87765023CAB1FD745FF0 /* Frameworks */,
				F752DAC755AF24B00520481D /* Products */,
			);
			name = Source;
			sourceTree = "<group>";
		};
		F3D878E492298B4B58450242 /* JUCE Modules */ = {
			isa = PBXGroup;
			children = (
				A1781689BCED5703D08CD215 /* juce_audio_basics */,
				85EFF7EE9573E675545FB2F9 /* juce_audio_devices */,
				EF6E343B3FE143F81E26C4E6 /* juce_audio_formats */,
				8D05155115F23D9AAEB4408D /* juce_audio_plugin_client */,
				CAF6F4B9CA3AC87995C52273 /* juce_audio_processors */,
				2382C8E6BF3DFD45912127EA /* juce_audio_utils */,
				13978A9D948B91BB3A804650 /* juce_core */,
				6D0357A1DA9E57DCE5E64978 /* juce_data_structures */,
				3184FD95EBC80BC175BF3BB2 /* juce_dsp */,
				1BA64849DF699C8101BDBE77 /* juce_events */,
				B308E3384D4108AF0B7D0920 /* juce_graphics */,
				3D13531AF94D0C5F521474E6 /* juce_gui_basics */,
				A98B084FB2DAA7E184A7165C /* juce_gui_extra */,
			);
			name = "JUCE Modules";
			sourceTree = "<group>";
		};
		F752DAC755AF24B00520481D /* Products */ = {
			isa = PBXGroup;
			children = (
				7171150F1C38E24F02CBFCDF /* GainPlugin.vst3 */,
				DF568FD7D1074D0B49273D28 /* GainPlugin.component */,
				CBB71491663E61AF017056EB /* GainPlugin.app */,
				2C9A0FEC27C66B51F5491520 /* libGainPlugin.a */,
			);
			name = Products;
			sourceTree = "<group>";
		};
		FB0B5B0D7D95A283648201A6 /* GainPlugin */ = {
			isa = PBXGroup;
			children = (
				D86044EB71545E1389A7CE28 /* Source */,
				DC3488275F0E032C3DE93A23 /* output-onlinepngtools.png */,
			);
			name = GainPlugin;
			sourceTree = "<group>";
		};
/* End PBXGroup section */

/* Begin PBXNativeTarget section */
		2D78AC9320476984E8AB931B /* GainPlugin - AU */ = {
			isa = PBXNativeTarget;
			buildConfigurationList = 52D61FD397DC70BE364C7EA7 /* Build configuration list for PBXNativeTarget "GainPlugin - AU" */;
			buildPhases = (
				A1E6B7E8BC42C4694D05AB32 /* Resources */,
				41D222A78CAE6A2021104C94 /* Rez */,
				06E03B54905664603826160A /* Sources */,
				26CE0CCE3E5400BDFDD506FA /* Frameworks */,
			);
			buildRules = (
			);
			dependencies = (
				01495428311EADEC0C054D2F /* PBXTargetDependency */,
			);
			name = "GainPlugin - AU";
			productName = GainPlugin;
			productReference = DF568FD7D1074D0B49273D28 /* GainPlugin.component */;
			productType = "com.apple.product-type.bundle";
		};
		6955225A2F596A4AFA4C2076 /* GainPlugin - Standalone Plugin */ = {
			isa = PBXNativeTarget;
			buildConfigurationList = BFAECE57F6359AFA4C586085 /* Build configuration list for PBXNativeTarget "GainPlugin - Standalone Plugin" */;
			buildPhases = (
				35C9550528C918C67B5B78B3 /* Resources */,
				19650FC027C61783F6172A2C /* Sources */,
				5E6E81EBC7F8C0C420B5EDEB /* Frameworks */,
			);
			buildRules = (
			);
			dependencies = (
				2EEB4D601E5E3375F0FBC655 /* PBXTargetDependency */,
			);
			name = "GainPlugin - Standalone Plugin";
			productName = GainPlugin;
			productReference = CBB71491663E61AF017056EB /* GainPlugin.app */;
			productType = "com.apple.product-type.application";
		};
		84CD8D2073B27328FFD9F593 /* GainPlugin - VST3 */ = {
			isa = PBXNativeTarget;
			buildConfigurationList = 36DC3B5D316AC7D129F3FFA6 /* Build configuration list for PBXNativeTarget "GainPlugin - VST3" */;
			buildPhases = (
				5D4678B10517FEADBD3D3279 /* Resources */,
				460E787724DCBBAFCD393614 /* Sources */,
				E95FBA06258BD68F27BB895F /* Frameworks */,
			);
			buildRules = (
			);
			dependencies = (
				DBBB90AFCAEFDDEF0CCBF090 /* PBXTargetDependency */,
			);
			name = "GainPlugin - VST3";
			productName = GainPlugin;
			productReference = 7171150F1C38E24F02CBFCDF /* GainPlugin.vst3 */;
			productType = "com.apple.product-type.bundle";
		};
		EA10F529FEC074FE0CA10C9A /* GainPlugin - Shared Code */ = {
			isa = PBXNativeTarget;
			buildConfigurationList = 2682900E93E53DA9DD5A51AD /* Build configuration list for PBXNativeTarget "GainPlugin - Shared Code" */;
			buildPhases = (
				E93C1F1972389DE02B54AE29 /* Sources */,
			);
			buildRules = (
			);
			dependencies = (
			);
			name = "GainPlugin - Shared Code";
			productName = GainPlugin;
			productReference = 2C9A0FEC27C66B51F5491520 /* libGainPlugin.a */;
			productType = "com.apple.product-type.library.static";
		};
/* End PBXNativeTarget section */

/* Begin PBXProject section */
		2517FA45B1A2073314F92BDA /* Project object */ = {
			isa = PBXProject;
			attributes = {
				LastUpgradeCheck = 1340;
				ORGANIZATIONNAME = JUCE;
				TargetAttributes = {
					2D78AC9320476984E8AB931B = {
						SystemCapabilities = {
							com.apple.ApplicationGroups.iOS = {
								enabled = 0;
							};
							com.apple.HardenedRuntime = {
								enabled = 0;
							};
							com.apple.InAppPurchase = {
								enabled = 0;
							};
							com.apple.InterAppAudio = {
								enabled = 0;
							};
							com.apple.Push = {
								enabled = 0;
							};
							com.apple.Sandbox = {
								enabled = 0;
							};
						};
					};
					6955225A2F596A4AFA4C2076 = {
						SystemCapabilities = {
							com.apple.ApplicationGroups.iOS = {
								enabled = 0;
							};
							com.apple.HardenedRuntime = {
								enabled = 0;
							};
							com.apple.InAppPurchase = {
								enabled = 0;
							};
							com.apple.InterAppAudio = {
								enabled = 0;
							};
							com.apple.Push = {
								enabled = 0;
							};
							com.apple.Sandbox = {
								enabled = 0;
							};
						};
					};
					84CD8D2073B27328FFD9F593 = {
						SystemCapabilities = {
							com.apple.ApplicationGroups.iOS = {
								enabled = 0;
							};
							com.apple.HardenedRuntime = {
								enabled = 0;
							};
							com.apple.InAppPurchase = {
								enabled = 0;
							};
							com.apple.InterAppAudio = {
								enabled = 0;
							};
							com.apple.Push = {
								enabled = 0;
							};
							com.apple.Sandbox = {
								enabled = 0;
							};
						};
					};
					C41919CD3D14C0A0683C96AC = {
						SystemCapabilities = {
							com.apple.ApplicationGroups.iOS = {
								enabled = 0;
							};
							com.apple.HardenedRuntime = {
								enabled = 0;
							};
							com.apple.InAppPurchase = {
								enabled = 0;
							};
							com.apple.InterAppAudio = {
								enabled = 0;
							};
							com.apple.Push = {
								enabled = 0;
							};
							com.apple.Sandbox = {
								enabled = 0;
							};
						};
					};
					EA10F529FEC074FE0CA10C9A = {
						SystemCapabilities = {
							com.apple.ApplicationGroups.iOS = {
								enabled = 0;
							};
							com.apple.HardenedRuntime = {
								enabled = 0;
							};
							com.apple.InAppPurchase = {
								enabled = 0;
							};
							com.apple.InterAppAudio = {
								enabled = 0;
							};
							com.apple.Push = {
								enabled = 0;
							};
							com.apple.Sandbox = {
								enabled = 0;
							};
						};
					};
				};
			};
			buildConfigurationList = 63CFB176E7644BF99DF07F58 /* Build configuration list for PBXProject "GainPlugin" */;
			compatibilityVersion = "Xcode 3.2";
			developmentRegion = en;
			hasScannedForEncodings = 0;
			knownRegions = (
				en,
				Base,
			);
			mainGroup = E2115AFF663A28107F8F2CD4 /* Source */;
			projectDirPath = "";
			projectRoot = "";
			targets = (
				C41919CD3D14C0A0683C96AC /* GainPlugin - All */,
				84CD8D2073B27328FFD9F593 /* GainPlugin - VST3 */,
				2D78AC9320476984E8AB931B /* GainPlugin - AU */,
				6955225A2F596A4AFA4C2076 /* GainPlugin - Standalone Plugin */,
				EA10F529FEC074FE0CA10C9A /* GainPlugin - Shared Code */,
			);
		};
/* End PBXProject section */

/* Begin PBXResourcesBuildPhase section */
		35C9550528C918C67B5B78B3 /* Resources */ = {
			isa = PBXResourcesBuildPhase;
			buildActionMask = 2147483647;
			files = (
				185F726C291C634700DAC608 /* RecentFilesMenuTemplate.nib in Resources */,
			);
			runOnlyForDeploymentPostprocessing = 0;
		};
		5D4678B10517FEADBD3D3279 /* Resources */ = {
			isa = PBXResourcesBuildPhase;
			buildActionMask = 2147483647;
			files = (
				803EDB60FA78746A61A1C2B3 /* RecentFilesMenuTemplate.nib in Resources */,
			);
			runOnlyForDeploymentPostprocessing = 0;
		};
		A1E6B7E8BC42C4694D05AB32 /* Resources */ = {
			isa = PBXResourcesBuildPhase;
			buildActionMask = 2147483647;
			files = (
				185F7260291C634700DAC608 /* RecentFilesMenuTemplate.nib in Resources */,
			);
			runOnlyForDeploymentPostprocessing = 0;
		};
/* End PBXResourcesBuildPhase section */

/* Begin PBXRezBuildPhase section */
		41D222A78CAE6A2021104C94 /* Rez */ = {
			isa = PBXRezBuildPhase;
			buildActionMask = 2147483647;
			files = (
				FB90F8A1195B926791A1B930 /* include_juce_audio_plugin_client_AU.r in Rez */,
			);
			runOnlyForDeploymentPostprocessing = 0;
		};
/* End PBXRezBuildPhase section */

/* Begin PBXSourcesBuildPhase section */
		06E03B54905664603826160A /* Sources */ = {
			isa = PBXSourcesBuildPhase;
			buildActionMask = 2147483647;
			files = (
				4BE31D385E1FDDB90F6F32FF /* include_juce_audio_plugin_client_AU_1.mm in Sources */,
				A8571F926C2E1ED0FE022BA9 /* include_juce_audio_plugin_client_AU_2.mm in Sources */,
			);
			runOnlyForDeploymentPostprocessing = 0;
		};
		19650FC027C61783F6172A2C /* Sources */ = {
			isa = PBXSourcesBuildPhase;
			buildActionMask = 2147483647;
			files = (
				2FD84745179A38E6BCC2445B /* include_juce_audio_plugin_client_Standalone.cpp in Sources */,
			);
			runOnlyForDeploymentPostprocessing = 0;
		};
		460E787724DCBBAFCD393614 /* Sources */ = {
			isa = PBXSourcesBuildPhase;
			buildActionMask = 2147483647;
			files = (
				27ED9E3E23B97F1322B7639E /* include_juce_audio_plugin_client_VST3.cpp in Sources */,
			);
			runOnlyForDeploymentPostprocessing = 0;
		};
		E93C1F1972389DE02B54AE29 /* Sources */ = {
			isa = PBXSourcesBuildPhase;
			buildActionMask = 2147483647;
			files = (
				172122559054115B7891DFDE /* Main.cpp in Sources */,
				B090C09F12ADADAD3241C6EB /* BinaryData.cpp in Sources */,
				38457380637A0965DE5B0C50 /* include_juce_audio_basics.mm in Sources */,
				2C3EAD264FF73856F20DE163 /* include_juce_audio_devices.mm in Sources */,
				80DDBC42521196BE6E2F2469 /* include_juce_audio_formats.mm in Sources */,
				BAA0E0AD3678DEB6CAF58F95 /* include_juce_audio_plugin_client_ARA.cpp in Sources */,
				66CEBB03E1B86C395887864A /* include_juce_audio_plugin_client_utils.cpp in Sources */,
				0D1958F1567E0FCD69F4B56F /* include_juce_audio_plugin_client_VST_utils.mm in Sources */,
				D78CE22CB5D5DCEB0FC79D56 /* include_juce_audio_processors.mm in Sources */,
				601C29B796C8D8D371B54465 /* include_juce_audio_processors_ara.cpp in Sources */,
				8FFA7A8BE0D5103949E41177 /* include_juce_audio_processors_lv2_libs.cpp in Sources */,
				D9B83D31693ADE68D1FF47D5 /* include_juce_audio_utils.mm in Sources */,
				027547752856759F29368656 /* include_juce_core.mm in Sources */,
				53D7AE7373A3D449D4D1B26C /* include_juce_data_structures.mm in Sources */,
				8D31F710D44F533F2348E295 /* include_juce_dsp.mm in Sources */,
				69AD9C0D431DCD0C8ADF6F33 /* include_juce_events.mm in Sources */,
				A34029B708A0D5D17E806E37 /* include_juce_graphics.mm in Sources */,
				28AC2A390C80B71CBE3B53D9 /* include_juce_gui_basics.mm in Sources */,
				2755521DFBB49BA227AE9FB9 /* include_juce_gui_extra.mm in Sources */,
			);
			runOnlyForDeploymentPostprocessing = 0;
		};
/* End PBXSourcesBuildPhase section */

/* Begin PBXTargetDependency section */
		01495428311EADEC0C054D2F /* PBXTargetDependency */ = {
			isa = PBXTargetDependency;
			target = EA10F529FEC074FE0CA10C9A /* GainPlugin - Shared Code */;
			targetProxy = 185F7279291C634800DAC608 /* PBXContainerItemProxy */;
		};
		07A207B88FE1CB052A9A81B1 /* PBXTargetDependency */ = {
			isa = PBXTargetDependency;
			target = 2D78AC9320476984E8AB931B /* GainPlugin - AU */;
			targetProxy = 185F727C291C634800DAC608 /* PBXContainerItemProxy */;
		};
		2EEB4D601E5E3375F0FBC655 /* PBXTargetDependency */ = {
			isa = PBXTargetDependency;
			target = EA10F529FEC074FE0CA10C9A /* GainPlugin - Shared Code */;
			targetProxy = 185F727A291C634800DAC608 /* PBXContainerItemProxy */;
		};
		47FEBEEB4DFC45F19BBF4FBA /* PBXTargetDependency */ = {
			isa = PBXTargetDependency;
			target = 6955225A2F596A4AFA4C2076 /* GainPlugin - Standalone Plugin */;
			targetProxy = 185F727D291C634800DAC608 /* PBXContainerItemProxy */;
		};
		88D6F1B285071E6110480E7B /* PBXTargetDependency */ = {
			isa = PBXTargetDependency;
			target = 84CD8D2073B27328FFD9F593 /* GainPlugin - VST3 */;
			targetProxy = 185F727B291C634800DAC608 /* PBXContainerItemProxy */;
		};
		B75166EEF7D744BCDDBD9D38 /* PBXTargetDependency */ = {
			isa = PBXTargetDependency;
			target = EA10F529FEC074FE0CA10C9A /* GainPlugin - Shared Code */;
			targetProxy = 185F727E291C634800DAC608 /* PBXContainerItemProxy */;
		};
		DBBB90AFCAEFDDEF0CCBF090 /* PBXTargetDependency */ = {
			isa = PBXTargetDependency;
			target = EA10F529FEC074FE0CA10C9A /* GainPlugin - Shared Code */;
			targetProxy = 185F7278291C634800DAC608 /* PBXContainerItemProxy */;
		};
/* End PBXTargetDependency section */

/* Begin XCBuildConfiguration section */
		1EA9D0C39E246CD7FD137A45 /* Debug */ = {
			isa = XCBuildConfiguration;
			buildSettings = {
				CLANG_CXX_LANGUAGE_STANDARD = "c++14";
				CLANG_CXX_LIBRARY = "libc++";
				CLANG_LINK_OBJC_RUNTIME = NO;
				CODE_SIGN_IDENTITY = "";
				COMBINE_HIDPI_IMAGES = YES;
				CONFIGURATION_BUILD_DIR = "$(PROJECT_DIR)/build/$(CONFIGURATION)";
				COPY_PHASE_STRIP = NO;
				EXCLUDED_ARCHS = "";
				GCC_DYNAMIC_NO_PIC = NO;
				GCC_OPTIMIZATION_LEVEL = 0;
				GCC_PREPROCESSOR_DEFINITIONS = (
					"_DEBUG=1",
					"DEBUG=1",
					"JUCE_DISPLAY_SPLASH_SCREEN=1",
					"JUCE_USE_DARK_SPLASH_SCREEN=1",
					"JUCE_PROJUCER_VERSION=0x70002",
					"JUCE_MODULE_AVAILABLE_juce_audio_basics=1",
					"JUCE_MODULE_AVAILABLE_juce_audio_devices=1",
					"JUCE_MODULE_AVAILABLE_juce_audio_formats=1",
					"JUCE_MODULE_AVAILABLE_juce_audio_plugin_client=1",
					"JUCE_MODULE_AVAILABLE_juce_audio_processors=1",
					"JUCE_MODULE_AVAILABLE_juce_audio_utils=1",
					"JUCE_MODULE_AVAILABLE_juce_core=1",
					"JUCE_MODULE_AVAILABLE_juce_data_structures=1",
					"JUCE_MODULE_AVAILABLE_juce_dsp=1",
					"JUCE_MODULE_AVAILABLE_juce_events=1",
					"JUCE_MODULE_AVAILABLE_juce_graphics=1",
					"JUCE_MODULE_AVAILABLE_juce_gui_basics=1",
					"JUCE_MODULE_AVAILABLE_juce_gui_extra=1",
					"JUCE_GLOBAL_MODULE_SETTINGS_INCLUDED=1",
					"JUCE_VST3_CAN_REPLACE_VST2=0",
					"JUCE_STRICT_REFCOUNTEDPOINTER=1",
					"JucePlugin_Build_VST=0",
					"JucePlugin_Build_VST3=1",
					"JucePlugin_Build_AU=1",
					"JucePlugin_Build_AUv3=0",
					"JucePlugin_Build_AAX=0",
					"JucePlugin_Build_Standalone=1",
					"JucePlugin_Build_Unity=0",
					"JucePlugin_Build_LV2=0",
					"JucePlugin_Enable_IAA=0",
					"JucePlugin_Enable_ARA=0",
					"JucePlugin_Name=\\\"GainPlugin\\\"",
					"JucePlugin_Desc=\\\"GainPlugin\\\"",
					"JucePlugin_Manufacturer=\\\"JUCE\\\"",
					"JucePlugin_ManufacturerWebsite=\\\"http://juce.com\\\"",
					"JucePlugin_ManufacturerEmail=\\\"\\\"",
					"JucePlugin_ManufacturerCode=0x4d616e75",
					"JucePlugin_PluginCode=0x417a7170",
					"JucePlugin_IsSynth=0",
					"JucePlugin_WantsMidiInput=0",
					"JucePlugin_ProducesMidiOutput=0",
					"JucePlugin_IsMidiEffect=0",
					"JucePlugin_EditorRequiresKeyboardFocus=0",
					"JucePlugin_Version=1.0.0",
					"JucePlugin_VersionCode=0x10000",
					"JucePlugin_VersionString=\\\"1.0.0\\\"",
					"JucePlugin_VSTUniqueID=JucePlugin_PluginCode",
					"JucePlugin_VSTCategory=kPlugCategEffect",
					"JucePlugin_Vst3Category=\\\"Fx\\\"",
					"JucePlugin_AUMainType=\\'aufx\\'",
					"JucePlugin_AUSubType=JucePlugin_PluginCode",
					"JucePlugin_AUExportPrefix=GainPluginAU",
					"JucePlugin_AUExportPrefixQuoted=\\\"GainPluginAU\\\"",
					"JucePlugin_AUManufacturerCode=JucePlugin_ManufacturerCode",
					"JucePlugin_CFBundleIdentifier=com.JUCE.GainPlugin",
					"JucePlugin_AAXIdentifier=com.JUCE.GainPlugin",
					"JucePlugin_AAXManufacturerCode=JucePlugin_ManufacturerCode",
					"JucePlugin_AAXProductId=JucePlugin_PluginCode",
					"JucePlugin_AAXCategory=0",
					"JucePlugin_AAXDisableBypass=0",
					"JucePlugin_AAXDisableMultiMono=0",
					"JucePlugin_IAAType=0x61757278",
					"JucePlugin_IAASubType=JucePlugin_PluginCode",
					"JucePlugin_IAAName=\\\"JUCE:\\ GainPlugin\\\"",
					"JucePlugin_VSTNumMidiInputs=16",
					"JucePlugin_VSTNumMidiOutputs=16",
					"JucePlugin_ARAContentTypes=0",
					"JucePlugin_ARATransformationFlags=0",
					"JucePlugin_ARAFactoryID=\\\"com.JUCE.GainPlugin.factory\\\"",
					"JucePlugin_ARADocumentArchiveID=\\\"com.JUCE.GainPlugin.aradocumentarchive.1.0.0\\\"",
					"JucePlugin_ARACompatibleArchiveIDs=\\\"\\\"",
					"JUCE_STANDALONE_APPLICATION=JucePlugin_Build_Standalone",
					"PIP_JUCE_EXAMPLES_DIRECTORY=RDpcQXVkaW9cUmVwb3NcSlVDRVxleGFtcGxlcw==",
					"JUCER_XCODE_MAC_F6D2F4CF=1",
					"JUCE_APP_VERSION=1.0.0",
					"JUCE_APP_VERSION_HEX=0x10000",
					"JUCE_SHARED_CODE=1",
				);
				GCC_VERSION = com.apple.compilers.llvm.clang.1_0;
				HEADER_SEARCH_PATHS = (
					/Users/bgillock/Documents/JUCE/modules/juce_audio_processors/format_types/VST3_SDK,
					"$(SRCROOT)/../../JuceLibraryCode",
					/Users/bgillock/Documents/JUCE/modules,
					/Users/bgillock/Documents/JUCE/modules/juce_audio_plugin_client,
					"$(inherited)",
				);
				INSTALL_PATH = "@executable_path/../Frameworks";
				MACOSX_DEPLOYMENT_TARGET = 10.11;
				MTL_HEADER_SEARCH_PATHS = "/Users/bgillock/Documents/JUCE/modules/juce_audio_processors/format_types/VST3_SDK $(SRCROOT)/../../JuceLibraryCode /Users/bgillock/Documents/JUCE/modules /Users/bgillock/Documents/JUCE/modules/juce_audio_plugin_client";
				OTHER_LDFLAGS = (
					"-weak_framework",
					Metal,
					"-weak_framework",
					MetalKit,
				);
				PRODUCT_BUNDLE_IDENTIFIER = com.JUCE.GainPlugin;
				PRODUCT_NAME = GainPlugin;
				SKIP_INSTALL = YES;
				USE_HEADERMAP = NO;
				VALID_ARCHS = "i386 x86_64 arm64 arm64e";
			};
			name = Debug;
		};
		3641EBACBD9BDCBA97B5EBF4 /* Release */ = {
			isa = XCBuildConfiguration;
			buildSettings = {
				CLANG_CXX_LANGUAGE_STANDARD = "c++14";
				CLANG_CXX_LIBRARY = "libc++";
				CLANG_LINK_OBJC_RUNTIME = NO;
				CODE_SIGN_IDENTITY = "";
				COMBINE_HIDPI_IMAGES = YES;
				CONFIGURATION_BUILD_DIR = "$(PROJECT_DIR)/build/$(CONFIGURATION)";
				DEAD_CODE_STRIPPING = YES;
				DEPLOYMENT_LOCATION = YES;
				DSTROOT = /;
				EXCLUDED_ARCHS = "";
				GCC_GENERATE_DEBUGGING_SYMBOLS = NO;
				GCC_OPTIMIZATION_LEVEL = 3;
				GCC_PREPROCESSOR_DEFINITIONS = (
					"_NDEBUG=1",
					"NDEBUG=1",
					"JUCE_DISPLAY_SPLASH_SCREEN=1",
					"JUCE_USE_DARK_SPLASH_SCREEN=1",
					"JUCE_PROJUCER_VERSION=0x70002",
					"JUCE_MODULE_AVAILABLE_juce_audio_basics=1",
					"JUCE_MODULE_AVAILABLE_juce_audio_devices=1",
					"JUCE_MODULE_AVAILABLE_juce_audio_formats=1",
					"JUCE_MODULE_AVAILABLE_juce_audio_plugin_client=1",
					"JUCE_MODULE_AVAILABLE_juce_audio_processors=1",
					"JUCE_MODULE_AVAILABLE_juce_audio_utils=1",
					"JUCE_MODULE_AVAILABLE_juce_core=1",
					"JUCE_MODULE_AVAILABLE_juce_data_structures=1",
					"JUCE_MODULE_AVAILABLE_juce_dsp=1",
					"JUCE_MODULE_AVAILABLE_juce_events=1",
					"JUCE_MODULE_AVAILABLE_juce_graphics=1",
					"JUCE_MODULE_AVAILABLE_juce_gui_basics=1",
					"JUCE_MODULE_AVAILABLE_juce_gui_extra=1",
					"JUCE_GLOBAL_MODULE_SETTINGS_INCLUDED=1",
					"JUCE_VST3_CAN_REPLACE_VST2=0",
					"JUCE_STRICT_REFCOUNTEDPOINTER=1",
					"JucePlugin_Build_VST=0",
					"JucePlugin_Build_VST3=1",
					"JucePlugin_Build_AU=0",
					"JucePlugin_Build_AUv3=0",
					"JucePlugin_Build_AAX=0",
					"JucePlugin_Build_Standalone=0",
					"JucePlugin_Build_Unity=0",
					"JucePlugin_Build_LV2=0",
					"JucePlugin_Enable_IAA=0",
					"JucePlugin_Enable_ARA=0",
					"JucePlugin_Name=\\\"GainPlugin\\\"",
					"JucePlugin_Desc=\\\"GainPlugin\\\"",
					"JucePlugin_Manufacturer=\\\"JUCE\\\"",
					"JucePlugin_ManufacturerWebsite=\\\"http://juce.com\\\"",
					"JucePlugin_ManufacturerEmail=\\\"\\\"",
					"JucePlugin_ManufacturerCode=0x4d616e75",
					"JucePlugin_PluginCode=0x417a7170",
					"JucePlugin_IsSynth=0",
					"JucePlugin_WantsMidiInput=0",
					"JucePlugin_ProducesMidiOutput=0",
					"JucePlugin_IsMidiEffect=0",
					"JucePlugin_EditorRequiresKeyboardFocus=0",
					"JucePlugin_Version=1.0.0",
					"JucePlugin_VersionCode=0x10000",
					"JucePlugin_VersionString=\\\"1.0.0\\\"",
					"JucePlugin_VSTUniqueID=JucePlugin_PluginCode",
					"JucePlugin_VSTCategory=kPlugCategEffect",
					"JucePlugin_Vst3Category=\\\"Fx\\\"",
					"JucePlugin_AUMainType=\\'aufx\\'",
					"JucePlugin_AUSubType=JucePlugin_PluginCode",
					"JucePlugin_AUExportPrefix=GainPluginAU",
					"JucePlugin_AUExportPrefixQuoted=\\\"GainPluginAU\\\"",
					"JucePlugin_AUManufacturerCode=JucePlugin_ManufacturerCode",
					"JucePlugin_CFBundleIdentifier=com.JUCE.GainPlugin",
					"JucePlugin_AAXIdentifier=com.JUCE.GainPlugin",
					"JucePlugin_AAXManufacturerCode=JucePlugin_ManufacturerCode",
					"JucePlugin_AAXProductId=JucePlugin_PluginCode",
					"JucePlugin_AAXCategory=0",
					"JucePlugin_AAXDisableBypass=0",
					"JucePlugin_AAXDisableMultiMono=0",
					"JucePlugin_IAAType=0x61757278",
					"JucePlugin_IAASubType=JucePlugin_PluginCode",
					"JucePlugin_IAAName=\\\"JUCE:\\ GainPlugin\\\"",
					"JucePlugin_VSTNumMidiInputs=16",
					"JucePlugin_VSTNumMidiOutputs=16",
					"JucePlugin_ARAContentTypes=0",
					"JucePlugin_ARATransformationFlags=0",
					"JucePlugin_ARAFactoryID=\\\"com.JUCE.GainPlugin.factory\\\"",
					"JucePlugin_ARADocumentArchiveID=\\\"com.JUCE.GainPlugin.aradocumentarchive.1.0.0\\\"",
					"JucePlugin_ARACompatibleArchiveIDs=\\\"\\\"",
					"JUCE_STANDALONE_APPLICATION=JucePlugin_Build_Standalone",
					"PIP_JUCE_EXAMPLES_DIRECTORY=RDpcQXVkaW9cUmVwb3NcSlVDRVxleGFtcGxlcw==",
					"JUCER_XCODE_MAC_F6D2F4CF=1",
					"JUCE_APP_VERSION=1.0.0",
					"JUCE_APP_VERSION_HEX=0x10000",
				);
				GCC_VERSION = com.apple.compilers.llvm.clang.1_0;
				GENERATE_PKGINFO_FILE = YES;
				HEADER_SEARCH_PATHS = (
					/Users/bgillock/Documents/JUCE/modules/juce_audio_processors/format_types/VST3_SDK,
					"$(SRCROOT)/../../JuceLibraryCode",
					/Users/bgillock/Documents/JUCE/modules,
					/Users/bgillock/Documents/JUCE/modules/juce_audio_plugin_client,
					"$(inherited)",
				);
				INFOPLIST_FILE = "Info-VST3.plist";
				INFOPLIST_PREPROCESS = NO;
				INSTALL_PATH = "$(HOME)/Library/Audio/Plug-Ins/VST3/";
				LIBRARY_STYLE = Bundle;
				LLVM_LTO = YES;
				MACOSX_DEPLOYMENT_TARGET = 10.11;
				MTL_HEADER_SEARCH_PATHS = "/Users/bgillock/Documents/JUCE/modules/juce_audio_processors/format_types/VST3_SDK $(SRCROOT)/../../JuceLibraryCode /Users/bgillock/Documents/JUCE/modules /Users/bgillock/Documents/JUCE/modules/juce_audio_plugin_client";
				OTHER_LDFLAGS = (
					"-bundle",
					"-lGainPlugin",
					"-weak_framework",
					Metal,
					"-weak_framework",
					MetalKit,
				);
				PRODUCT_BUNDLE_IDENTIFIER = com.JUCE.GainPlugin;
				PRODUCT_NAME = GainPlugin;
				USE_HEADERMAP = NO;
				VALID_ARCHS = "i386 x86_64 arm64 arm64e";
				WRAPPER_EXTENSION = vst3;
			};
			name = Release;
		};
		3FD6884761A545BFDEAB320C /* Release */ = {
			isa = XCBuildConfiguration;
			buildSettings = {
				MACOSX_DEPLOYMENT_TARGET = 10.11;
				SDKROOT = macosx;
			};
			name = Release;
		};
		45510C3F23BCA22F9957A2EB /* Debug */ = {
			isa = XCBuildConfiguration;
			buildSettings = {
				CLANG_CXX_LANGUAGE_STANDARD = "c++14";
				CLANG_CXX_LIBRARY = "libc++";
				CLANG_LINK_OBJC_RUNTIME = NO;
				CODE_SIGN_IDENTITY = "";
				COMBINE_HIDPI_IMAGES = YES;
				CONFIGURATION_BUILD_DIR = "$(PROJECT_DIR)/build/$(CONFIGURATION)";
				COPY_PHASE_STRIP = NO;
				DEPLOYMENT_LOCATION = YES;
				DSTROOT = /;
				EXCLUDED_ARCHS = "";
				GCC_DYNAMIC_NO_PIC = NO;
				GCC_OPTIMIZATION_LEVEL = 0;
				GCC_PREPROCESSOR_DEFINITIONS = (
					"_DEBUG=1",
					"DEBUG=1",
					"JUCE_DISPLAY_SPLASH_SCREEN=1",
					"JUCE_USE_DARK_SPLASH_SCREEN=1",
					"JUCE_PROJUCER_VERSION=0x70002",
					"JUCE_MODULE_AVAILABLE_juce_audio_basics=1",
					"JUCE_MODULE_AVAILABLE_juce_audio_devices=1",
					"JUCE_MODULE_AVAILABLE_juce_audio_formats=1",
					"JUCE_MODULE_AVAILABLE_juce_audio_plugin_client=1",
					"JUCE_MODULE_AVAILABLE_juce_audio_processors=1",
					"JUCE_MODULE_AVAILABLE_juce_audio_utils=1",
					"JUCE_MODULE_AVAILABLE_juce_core=1",
					"JUCE_MODULE_AVAILABLE_juce_data_structures=1",
					"JUCE_MODULE_AVAILABLE_juce_dsp=1",
					"JUCE_MODULE_AVAILABLE_juce_events=1",
					"JUCE_MODULE_AVAILABLE_juce_graphics=1",
					"JUCE_MODULE_AVAILABLE_juce_gui_basics=1",
					"JUCE_MODULE_AVAILABLE_juce_gui_extra=1",
					"JUCE_GLOBAL_MODULE_SETTINGS_INCLUDED=1",
					"JUCE_VST3_CAN_REPLACE_VST2=0",
					"JUCE_STRICT_REFCOUNTEDPOINTER=1",
					"JucePlugin_Build_VST=0",
					"JucePlugin_Build_VST3=0",
					"JucePlugin_Build_AU=1",
					"JucePlugin_Build_AUv3=0",
					"JucePlugin_Build_AAX=0",
					"JucePlugin_Build_Standalone=0",
					"JucePlugin_Build_Unity=0",
					"JucePlugin_Build_LV2=0",
					"JucePlugin_Enable_IAA=0",
					"JucePlugin_Enable_ARA=0",
					"JucePlugin_Name=\\\"GainPlugin\\\"",
					"JucePlugin_Desc=\\\"GainPlugin\\\"",
					"JucePlugin_Manufacturer=\\\"JUCE\\\"",
					"JucePlugin_ManufacturerWebsite=\\\"http://juce.com\\\"",
					"JucePlugin_ManufacturerEmail=\\\"\\\"",
					"JucePlugin_ManufacturerCode=0x4d616e75",
					"JucePlugin_PluginCode=0x417a7170",
					"JucePlugin_IsSynth=0",
					"JucePlugin_WantsMidiInput=0",
					"JucePlugin_ProducesMidiOutput=0",
					"JucePlugin_IsMidiEffect=0",
					"JucePlugin_EditorRequiresKeyboardFocus=0",
					"JucePlugin_Version=1.0.0",
					"JucePlugin_VersionCode=0x10000",
					"JucePlugin_VersionString=\\\"1.0.0\\\"",
					"JucePlugin_VSTUniqueID=JucePlugin_PluginCode",
					"JucePlugin_VSTCategory=kPlugCategEffect",
					"JucePlugin_Vst3Category=\\\"Fx\\\"",
					"JucePlugin_AUMainType=\\'aufx\\'",
					"JucePlugin_AUSubType=JucePlugin_PluginCode",
					"JucePlugin_AUExportPrefix=GainPluginAU",
					"JucePlugin_AUExportPrefixQuoted=\\\"GainPluginAU\\\"",
					"JucePlugin_AUManufacturerCode=JucePlugin_ManufacturerCode",
					"JucePlugin_CFBundleIdentifier=com.JUCE.GainPlugin",
					"JucePlugin_AAXIdentifier=com.JUCE.GainPlugin",
					"JucePlugin_AAXManufacturerCode=JucePlugin_ManufacturerCode",
					"JucePlugin_AAXProductId=JucePlugin_PluginCode",
					"JucePlugin_AAXCategory=0",
					"JucePlugin_AAXDisableBypass=0",
					"JucePlugin_AAXDisableMultiMono=0",
					"JucePlugin_IAAType=0x61757278",
					"JucePlugin_IAASubType=JucePlugin_PluginCode",
					"JucePlugin_IAAName=\\\"JUCE:\\ GainPlugin\\\"",
					"JucePlugin_VSTNumMidiInputs=16",
					"JucePlugin_VSTNumMidiOutputs=16",
					"JucePlugin_ARAContentTypes=0",
					"JucePlugin_ARATransformationFlags=0",
					"JucePlugin_ARAFactoryID=\\\"com.JUCE.GainPlugin.factory\\\"",
					"JucePlugin_ARADocumentArchiveID=\\\"com.JUCE.GainPlugin.aradocumentarchive.1.0.0\\\"",
					"JucePlugin_ARACompatibleArchiveIDs=\\\"\\\"",
					"JUCE_STANDALONE_APPLICATION=JucePlugin_Build_Standalone",
					"PIP_JUCE_EXAMPLES_DIRECTORY=RDpcQXVkaW9cUmVwb3NcSlVDRVxleGFtcGxlcw==",
					"JUCER_XCODE_MAC_F6D2F4CF=1",
					"JUCE_APP_VERSION=1.0.0",
					"JUCE_APP_VERSION_HEX=0x10000",
				);
				GCC_VERSION = com.apple.compilers.llvm.clang.1_0;
				GENERATE_PKGINFO_FILE = YES;
				HEADER_SEARCH_PATHS = (
					/Users/bgillock/Documents/JUCE/modules/juce_audio_processors/format_types/VST3_SDK,
					"$(SRCROOT)/../../JuceLibraryCode",
					/Users/bgillock/Documents/JUCE/modules,
					/Users/bgillock/Documents/JUCE/modules/juce_audio_plugin_client,
					"$(inherited)",
				);
				INFOPLIST_FILE = "Info-AU.plist";
				INFOPLIST_PREPROCESS = NO;
				INSTALL_PATH = "$(HOME)/Library/Audio/Plug-Ins/Components/";
				LIBRARY_STYLE = Bundle;
				MACOSX_DEPLOYMENT_TARGET = 10.11;
				MTL_HEADER_SEARCH_PATHS = "/Users/bgillock/Documents/JUCE/modules/juce_audio_processors/format_types/VST3_SDK $(SRCROOT)/../../JuceLibraryCode /Users/bgillock/Documents/JUCE/modules /Users/bgillock/Documents/JUCE/modules/juce_audio_plugin_client";
				OTHER_LDFLAGS = (
					"-bundle",
					"-lGainPlugin",
					"-weak_framework",
					Metal,
					"-weak_framework",
					MetalKit,
				);
				OTHER_REZFLAGS = "-d ppc_$ppc -d i386_$i386 -d ppc64_$ppc64 -d x86_64_$x86_64 -d arm64_$arm64 -I /System/Library/Frameworks/CoreServices.framework/Frameworks/CarbonCore.framework/Versions/A/Headers -I \"$(DEVELOPER_DIR)/Extras/CoreAudio/AudioUnits/AUPublic/AUBase\" -I \"$(DEVELOPER_DIR)/Platforms/MacOSX.platform/Developer/SDKs/MacOSX.sdk/System/Library/Frameworks/AudioUnit.framework/Headers\"";
				PRODUCT_BUNDLE_IDENTIFIER = com.JUCE.GainPlugin;
				PRODUCT_NAME = GainPlugin;
				USE_HEADERMAP = NO;
				VALID_ARCHS = "i386 x86_64 arm64 arm64e";
				WRAPPER_EXTENSION = component;
			};
			name = Debug;
		};
		746E8175DA7441EA45C152FC /* Release */ = {
			isa = XCBuildConfiguration;
			buildSettings = {
				ALWAYS_SEARCH_USER_PATHS = NO;
				CLANG_ENABLE_OBJC_WEAK = YES;
				CLANG_WARN_BLOCK_CAPTURE_AUTORELEASING = YES;
				CLANG_WARN_BOOL_CONVERSION = YES;
				CLANG_WARN_COMMA = YES;
				CLANG_WARN_CONSTANT_CONVERSION = YES;
				CLANG_WARN_DEPRECATED_OBJC_IMPLEMENTATIONS = YES;
				CLANG_WARN_EMPTY_BODY = YES;
				CLANG_WARN_ENUM_CONVERSION = YES;
				CLANG_WARN_INFINITE_RECURSION = YES;
				CLANG_WARN_INT_CONVERSION = YES;
				CLANG_WARN_NON_LITERAL_NULL_CONVERSION = YES;
				CLANG_WARN_OBJC_IMPLICIT_RETAIN_SELF = YES;
				CLANG_WARN_OBJC_LITERAL_CONVERSION = YES;
				CLANG_WARN_RANGE_LOOP_ANALYSIS = YES;
				CLANG_WARN_STRICT_PROTOTYPES = YES;
				CLANG_WARN_SUSPICIOUS_MOVE = YES;
				CLANG_WARN_UNREACHABLE_CODE = YES;
				CLANG_WARN__DUPLICATE_METHOD_MATCH = YES;
				CODE_SIGN_IDENTITY = "";
				DEBUG_INFORMATION_FORMAT = dwarf;
				ENABLE_STRICT_OBJC_MSGSEND = YES;
				ENABLE_TESTABILITY = NO;
				GCC_C_LANGUAGE_STANDARD = c11;
				GCC_INLINES_ARE_PRIVATE_EXTERN = YES;
				GCC_MODEL_TUNING = G5;
				GCC_NO_COMMON_BLOCKS = YES;
				GCC_SYMBOLS_PRIVATE_EXTERN = YES;
				GCC_WARN_64_TO_32_BIT_CONVERSION = YES;
				GCC_WARN_ABOUT_RETURN_TYPE = YES;
				GCC_WARN_CHECK_SWITCH_STATEMENTS = YES;
				GCC_WARN_MISSING_PARENTHESES = YES;
				GCC_WARN_NON_VIRTUAL_DESTRUCTOR = YES;
				GCC_WARN_TYPECHECK_CALLS_TO_PRINTF = YES;
				GCC_WARN_UNDECLARED_SELECTOR = YES;
				GCC_WARN_UNINITIALIZED_AUTOS = YES;
				GCC_WARN_UNUSED_FUNCTION = YES;
				GCC_WARN_UNUSED_VARIABLE = YES;
				ONLY_ACTIVE_ARCH = YES;
				PRODUCT_NAME = GainPlugin;
				SDKROOT = macosx;
				WARNING_CFLAGS = "-Wreorder";
				ZERO_LINK = NO;
			};
			name = Release;
		};
		97CF019C797F3EB7305D3A6F /* Debug */ = {
			isa = XCBuildConfiguration;
			buildSettings = {
				ALWAYS_SEARCH_USER_PATHS = NO;
				CLANG_ENABLE_OBJC_WEAK = YES;
				CLANG_WARN_BLOCK_CAPTURE_AUTORELEASING = YES;
				CLANG_WARN_BOOL_CONVERSION = YES;
				CLANG_WARN_COMMA = YES;
				CLANG_WARN_CONSTANT_CONVERSION = YES;
				CLANG_WARN_DEPRECATED_OBJC_IMPLEMENTATIONS = YES;
				CLANG_WARN_EMPTY_BODY = YES;
				CLANG_WARN_ENUM_CONVERSION = YES;
				CLANG_WARN_INFINITE_RECURSION = YES;
				CLANG_WARN_INT_CONVERSION = YES;
				CLANG_WARN_NON_LITERAL_NULL_CONVERSION = YES;
				CLANG_WARN_OBJC_IMPLICIT_RETAIN_SELF = YES;
				CLANG_WARN_OBJC_LITERAL_CONVERSION = YES;
				CLANG_WARN_RANGE_LOOP_ANALYSIS = YES;
				CLANG_WARN_STRICT_PROTOTYPES = YES;
				CLANG_WARN_SUSPICIOUS_MOVE = YES;
				CLANG_WARN_UNREACHABLE_CODE = YES;
				CLANG_WARN__DUPLICATE_METHOD_MATCH = YES;
				CODE_SIGN_IDENTITY = "";
				DEBUG_INFORMATION_FORMAT = dwarf;
				ENABLE_STRICT_OBJC_MSGSEND = YES;
				ENABLE_TESTABILITY = NO;
				GCC_C_LANGUAGE_STANDARD = c11;
				GCC_INLINES_ARE_PRIVATE_EXTERN = YES;
				GCC_MODEL_TUNING = G5;
				GCC_NO_COMMON_BLOCKS = YES;
				GCC_SYMBOLS_PRIVATE_EXTERN = YES;
				GCC_WARN_64_TO_32_BIT_CONVERSION = YES;
				GCC_WARN_ABOUT_RETURN_TYPE = YES;
				GCC_WARN_CHECK_SWITCH_STATEMENTS = YES;
				GCC_WARN_MISSING_PARENTHESES = YES;
				GCC_WARN_NON_VIRTUAL_DESTRUCTOR = YES;
				GCC_WARN_TYPECHECK_CALLS_TO_PRINTF = YES;
				GCC_WARN_UNDECLARED_SELECTOR = YES;
				GCC_WARN_UNINITIALIZED_AUTOS = YES;
				GCC_WARN_UNUSED_FUNCTION = YES;
				GCC_WARN_UNUSED_VARIABLE = YES;
				ONLY_ACTIVE_ARCH = YES;
				PRODUCT_NAME = GainPlugin;
				SDKROOT = macosx;
				WARNING_CFLAGS = "-Wreorder";
				ZERO_LINK = NO;
			};
			name = Debug;
		};
		AAF0F256226CE702326970CE /* Debug */ = {
			isa = XCBuildConfiguration;
			buildSettings = {
				MACOSX_DEPLOYMENT_TARGET = 10.11;
				SDKROOT = macosx;
			};
			name = Debug;
		};
		D386AD9031652C8948580DC2 /* Release */ = {
			isa = XCBuildConfiguration;
			buildSettings = {
				CLANG_CXX_LANGUAGE_STANDARD = "c++14";
				CLANG_CXX_LIBRARY = "libc++";
				CLANG_LINK_OBJC_RUNTIME = NO;
				CODE_SIGN_IDENTITY = "";
				COMBINE_HIDPI_IMAGES = YES;
				CONFIGURATION_BUILD_DIR = "$(PROJECT_DIR)/build/$(CONFIGURATION)";
				DEAD_CODE_STRIPPING = YES;
				EXCLUDED_ARCHS = "";
				GCC_GENERATE_DEBUGGING_SYMBOLS = NO;
				GCC_OPTIMIZATION_LEVEL = 3;
				GCC_PREPROCESSOR_DEFINITIONS = (
					"_NDEBUG=1",
					"NDEBUG=1",
					"JUCE_DISPLAY_SPLASH_SCREEN=1",
					"JUCE_USE_DARK_SPLASH_SCREEN=1",
					"JUCE_PROJUCER_VERSION=0x70002",
					"JUCE_MODULE_AVAILABLE_juce_audio_basics=1",
					"JUCE_MODULE_AVAILABLE_juce_audio_devices=1",
					"JUCE_MODULE_AVAILABLE_juce_audio_formats=1",
					"JUCE_MODULE_AVAILABLE_juce_audio_plugin_client=1",
					"JUCE_MODULE_AVAILABLE_juce_audio_processors=1",
					"JUCE_MODULE_AVAILABLE_juce_audio_utils=1",
					"JUCE_MODULE_AVAILABLE_juce_core=1",
					"JUCE_MODULE_AVAILABLE_juce_data_structures=1",
					"JUCE_MODULE_AVAILABLE_juce_dsp=1",
					"JUCE_MODULE_AVAILABLE_juce_events=1",
					"JUCE_MODULE_AVAILABLE_juce_graphics=1",
					"JUCE_MODULE_AVAILABLE_juce_gui_basics=1",
					"JUCE_MODULE_AVAILABLE_juce_gui_extra=1",
					"JUCE_GLOBAL_MODULE_SETTINGS_INCLUDED=1",
					"JUCE_VST3_CAN_REPLACE_VST2=0",
					"JUCE_STRICT_REFCOUNTEDPOINTER=1",
					"JucePlugin_Build_VST=0",
					"JucePlugin_Build_VST3=0",
					"JucePlugin_Build_AU=0",
					"JucePlugin_Build_AUv3=0",
					"JucePlugin_Build_AAX=0",
					"JucePlugin_Build_Standalone=1",
					"JucePlugin_Build_Unity=0",
					"JucePlugin_Build_LV2=0",
					"JucePlugin_Enable_IAA=0",
					"JucePlugin_Enable_ARA=0",
					"JucePlugin_Name=\\\"GainPlugin\\\"",
					"JucePlugin_Desc=\\\"GainPlugin\\\"",
					"JucePlugin_Manufacturer=\\\"JUCE\\\"",
					"JucePlugin_ManufacturerWebsite=\\\"http://juce.com\\\"",
					"JucePlugin_ManufacturerEmail=\\\"\\\"",
					"JucePlugin_ManufacturerCode=0x4d616e75",
					"JucePlugin_PluginCode=0x417a7170",
					"JucePlugin_IsSynth=0",
					"JucePlugin_WantsMidiInput=0",
					"JucePlugin_ProducesMidiOutput=0",
					"JucePlugin_IsMidiEffect=0",
					"JucePlugin_EditorRequiresKeyboardFocus=0",
					"JucePlugin_Version=1.0.0",
					"JucePlugin_VersionCode=0x10000",
					"JucePlugin_VersionString=\\\"1.0.0\\\"",
					"JucePlugin_VSTUniqueID=JucePlugin_PluginCode",
					"JucePlugin_VSTCategory=kPlugCategEffect",
					"JucePlugin_Vst3Category=\\\"Fx\\\"",
					"JucePlugin_AUMainType=\\'aufx\\'",
					"JucePlugin_AUSubType=JucePlugin_PluginCode",
					"JucePlugin_AUExportPrefix=GainPluginAU",
					"JucePlugin_AUExportPrefixQuoted=\\\"GainPluginAU\\\"",
					"JucePlugin_AUManufacturerCode=JucePlugin_ManufacturerCode",
					"JucePlugin_CFBundleIdentifier=com.JUCE.GainPlugin",
					"JucePlugin_AAXIdentifier=com.JUCE.GainPlugin",
					"JucePlugin_AAXManufacturerCode=JucePlugin_ManufacturerCode",
					"JucePlugin_AAXProductId=JucePlugin_PluginCode",
					"JucePlugin_AAXCategory=0",
					"JucePlugin_AAXDisableBypass=0",
					"JucePlugin_AAXDisableMultiMono=0",
					"JucePlugin_IAAType=0x61757278",
					"JucePlugin_IAASubType=JucePlugin_PluginCode",
					"JucePlugin_IAAName=\\\"JUCE:\\ GainPlugin\\\"",
					"JucePlugin_VSTNumMidiInputs=16",
					"JucePlugin_VSTNumMidiOutputs=16",
					"JucePlugin_ARAContentTypes=0",
					"JucePlugin_ARATransformationFlags=0",
					"JucePlugin_ARAFactoryID=\\\"com.JUCE.GainPlugin.factory\\\"",
					"JucePlugin_ARADocumentArchiveID=\\\"com.JUCE.GainPlugin.aradocumentarchive.1.0.0\\\"",
					"JucePlugin_ARACompatibleArchiveIDs=\\\"\\\"",
					"JUCE_STANDALONE_APPLICATION=JucePlugin_Build_Standalone",
					"PIP_JUCE_EXAMPLES_DIRECTORY=RDpcQXVkaW9cUmVwb3NcSlVDRVxleGFtcGxlcw==",
					"JUCER_XCODE_MAC_F6D2F4CF=1",
					"JUCE_APP_VERSION=1.0.0",
					"JUCE_APP_VERSION_HEX=0x10000",
				);
				GCC_VERSION = com.apple.compilers.llvm.clang.1_0;
				HEADER_SEARCH_PATHS = (
					/Users/bgillock/Documents/JUCE/modules/juce_audio_processors/format_types/VST3_SDK,
					"$(SRCROOT)/../../JuceLibraryCode",
					/Users/bgillock/Documents/JUCE/modules,
					/Users/bgillock/Documents/JUCE/modules/juce_audio_plugin_client,
					"$(inherited)",
				);
				INFOPLIST_FILE = "Info-Standalone_Plugin.plist";
				INFOPLIST_PREPROCESS = NO;
				LLVM_LTO = YES;
				MACOSX_DEPLOYMENT_TARGET = 10.11;
				MTL_HEADER_SEARCH_PATHS = "/Users/bgillock/Documents/JUCE/modules/juce_audio_processors/format_types/VST3_SDK $(SRCROOT)/../../JuceLibraryCode /Users/bgillock/Documents/JUCE/modules /Users/bgillock/Documents/JUCE/modules/juce_audio_plugin_client";
				OTHER_LDFLAGS = (
					"-lGainPlugin",
					"-weak_framework",
					Metal,
					"-weak_framework",
					MetalKit,
				);
				PRODUCT_BUNDLE_IDENTIFIER = com.JUCE.GainPlugin;
				PRODUCT_NAME = GainPlugin;
				USE_HEADERMAP = NO;
				VALID_ARCHS = "i386 x86_64 arm64 arm64e";
			};
			name = Release;
		};
		DD184D844B3848B5EBBEDF57 /* Release */ = {
			isa = XCBuildConfiguration;
			buildSettings = {
				CLANG_CXX_LANGUAGE_STANDARD = "c++14";
				CLANG_CXX_LIBRARY = "libc++";
				CLANG_LINK_OBJC_RUNTIME = NO;
				CODE_SIGN_IDENTITY = "";
				COMBINE_HIDPI_IMAGES = YES;
				CONFIGURATION_BUILD_DIR = "$(PROJECT_DIR)/build/$(CONFIGURATION)";
				DEAD_CODE_STRIPPING = YES;
				EXCLUDED_ARCHS = "";
				GCC_GENERATE_DEBUGGING_SYMBOLS = NO;
				GCC_OPTIMIZATION_LEVEL = 3;
				GCC_PREPROCESSOR_DEFINITIONS = (
					"_NDEBUG=1",
					"NDEBUG=1",
					"JUCE_DISPLAY_SPLASH_SCREEN=1",
					"JUCE_USE_DARK_SPLASH_SCREEN=1",
					"JUCE_PROJUCER_VERSION=0x70002",
					"JUCE_MODULE_AVAILABLE_juce_audio_basics=1",
					"JUCE_MODULE_AVAILABLE_juce_audio_devices=1",
					"JUCE_MODULE_AVAILABLE_juce_audio_formats=1",
					"JUCE_MODULE_AVAILABLE_juce_audio_plugin_client=1",
					"JUCE_MODULE_AVAILABLE_juce_audio_processors=1",
					"JUCE_MODULE_AVAILABLE_juce_audio_utils=1",
					"JUCE_MODULE_AVAILABLE_juce_core=1",
					"JUCE_MODULE_AVAILABLE_juce_data_structures=1",
					"JUCE_MODULE_AVAILABLE_juce_dsp=1",
					"JUCE_MODULE_AVAILABLE_juce_events=1",
					"JUCE_MODULE_AVAILABLE_juce_graphics=1",
					"JUCE_MODULE_AVAILABLE_juce_gui_basics=1",
					"JUCE_MODULE_AVAILABLE_juce_gui_extra=1",
					"JUCE_GLOBAL_MODULE_SETTINGS_INCLUDED=1",
					"JUCE_VST3_CAN_REPLACE_VST2=0",
					"JUCE_STRICT_REFCOUNTEDPOINTER=1",
					"JucePlugin_Build_VST=0",
					"JucePlugin_Build_VST3=1",
					"JucePlugin_Build_AU=1",
					"JucePlugin_Build_AUv3=0",
					"JucePlugin_Build_AAX=0",
					"JucePlugin_Build_Standalone=1",
					"JucePlugin_Build_Unity=0",
					"JucePlugin_Build_LV2=0",
					"JucePlugin_Enable_IAA=0",
					"JucePlugin_Enable_ARA=0",
					"JucePlugin_Name=\\\"GainPlugin\\\"",
					"JucePlugin_Desc=\\\"GainPlugin\\\"",
					"JucePlugin_Manufacturer=\\\"JUCE\\\"",
					"JucePlugin_ManufacturerWebsite=\\\"http://juce.com\\\"",
					"JucePlugin_ManufacturerEmail=\\\"\\\"",
					"JucePlugin_ManufacturerCode=0x4d616e75",
					"JucePlugin_PluginCode=0x417a7170",
					"JucePlugin_IsSynth=0",
					"JucePlugin_WantsMidiInput=0",
					"JucePlugin_ProducesMidiOutput=0",
					"JucePlugin_IsMidiEffect=0",
					"JucePlugin_EditorRequiresKeyboardFocus=0",
					"JucePlugin_Version=1.0.0",
					"JucePlugin_VersionCode=0x10000",
					"JucePlugin_VersionString=\\\"1.0.0\\\"",
					"JucePlugin_VSTUniqueID=JucePlugin_PluginCode",
					"JucePlugin_VSTCategory=kPlugCategEffect",
					"JucePlugin_Vst3Category=\\\"Fx\\\"",
					"JucePlugin_AUMainType=\\'aufx\\'",
					"JucePlugin_AUSubType=JucePlugin_PluginCode",
					"JucePlugin_AUExportPrefix=GainPluginAU",
					"JucePlugin_AUExportPrefixQuoted=\\\"GainPluginAU\\\"",
					"JucePlugin_AUManufacturerCode=JucePlugin_ManufacturerCode",
					"JucePlugin_CFBundleIdentifier=com.JUCE.GainPlugin",
					"JucePlugin_AAXIdentifier=com.JUCE.GainPlugin",
					"JucePlugin_AAXManufacturerCode=JucePlugin_ManufacturerCode",
					"JucePlugin_AAXProductId=JucePlugin_PluginCode",
					"JucePlugin_AAXCategory=0",
					"JucePlugin_AAXDisableBypass=0",
					"JucePlugin_AAXDisableMultiMono=0",
					"JucePlugin_IAAType=0x61757278",
					"JucePlugin_IAASubType=JucePlugin_PluginCode",
					"JucePlugin_IAAName=\\\"JUCE:\\ GainPlugin\\\"",
					"JucePlugin_VSTNumMidiInputs=16",
					"JucePlugin_VSTNumMidiOutputs=16",
					"JucePlugin_ARAContentTypes=0",
					"JucePlugin_ARATransformationFlags=0",
					"JucePlugin_ARAFactoryID=\\\"com.JUCE.GainPlugin.factory\\\"",
					"JucePlugin_ARADocumentArchiveID=\\\"com.JUCE.GainPlugin.aradocumentarchive.1.0.0\\\"",
					"JucePlugin_ARACompatibleArchiveIDs=\\\"\\\"",
					"JUCE_STANDALONE_APPLICATION=JucePlugin_Build_Standalone",
					"PIP_JUCE_EXAMPLES_DIRECTORY=RDpcQXVkaW9cUmVwb3NcSlVDRVxleGFtcGxlcw==",
					"JUCER_XCODE_MAC_F6D2F4CF=1",
					"JUCE_APP_VERSION=1.0.0",
					"JUCE_APP_VERSION_HEX=0x10000",
					"JUCE_SHARED_CODE=1",
				);
				GCC_VERSION = com.apple.compilers.llvm.clang.1_0;
				HEADER_SEARCH_PATHS = (
					/Users/bgillock/Documents/JUCE/modules/juce_audio_processors/format_types/VST3_SDK,
					"$(SRCROOT)/../../JuceLibraryCode",
					/Users/bgillock/Documents/JUCE/modules,
					/Users/bgillock/Documents/JUCE/modules/juce_audio_plugin_client,
					"$(inherited)",
				);
				INSTALL_PATH = "@executable_path/../Frameworks";
				LLVM_LTO = YES;
				MACOSX_DEPLOYMENT_TARGET = 10.11;
				MTL_HEADER_SEARCH_PATHS = "/Users/bgillock/Documents/JUCE/modules/juce_audio_processors/format_types/VST3_SDK $(SRCROOT)/../../JuceLibraryCode /Users/bgillock/Documents/JUCE/modules /Users/bgillock/Documents/JUCE/modules/juce_audio_plugin_client";
				OTHER_LDFLAGS = (
					"-weak_framework",
					Metal,
					"-weak_framework",
					MetalKit,
				);
				PRODUCT_BUNDLE_IDENTIFIER = com.JUCE.GainPlugin;
				PRODUCT_NAME = GainPlugin;
				SKIP_INSTALL = YES;
				USE_HEADERMAP = NO;
				VALID_ARCHS = "i386 x86_64 arm64 arm64e";
			};
			name = Release;
		};
		E186280C994C1C8D9D8ED994 /* Debug */ = {
			isa = XCBuildConfiguration;
			buildSettings = {
				CLANG_CXX_LANGUAGE_STANDARD = "c++14";
				CLANG_CXX_LIBRARY = "libc++";
				CLANG_LINK_OBJC_RUNTIME = NO;
				CODE_SIGN_IDENTITY = "";
				COMBINE_HIDPI_IMAGES = YES;
				CONFIGURATION_BUILD_DIR = "$(PROJECT_DIR)/build/$(CONFIGURATION)";
				COPY_PHASE_STRIP = NO;
				EXCLUDED_ARCHS = "";
				GCC_DYNAMIC_NO_PIC = NO;
				GCC_OPTIMIZATION_LEVEL = 0;
				GCC_PREPROCESSOR_DEFINITIONS = (
					"_DEBUG=1",
					"DEBUG=1",
					"JUCE_DISPLAY_SPLASH_SCREEN=1",
					"JUCE_USE_DARK_SPLASH_SCREEN=1",
					"JUCE_PROJUCER_VERSION=0x70002",
					"JUCE_MODULE_AVAILABLE_juce_audio_basics=1",
					"JUCE_MODULE_AVAILABLE_juce_audio_devices=1",
					"JUCE_MODULE_AVAILABLE_juce_audio_formats=1",
					"JUCE_MODULE_AVAILABLE_juce_audio_plugin_client=1",
					"JUCE_MODULE_AVAILABLE_juce_audio_processors=1",
					"JUCE_MODULE_AVAILABLE_juce_audio_utils=1",
					"JUCE_MODULE_AVAILABLE_juce_core=1",
					"JUCE_MODULE_AVAILABLE_juce_data_structures=1",
					"JUCE_MODULE_AVAILABLE_juce_dsp=1",
					"JUCE_MODULE_AVAILABLE_juce_events=1",
					"JUCE_MODULE_AVAILABLE_juce_graphics=1",
					"JUCE_MODULE_AVAILABLE_juce_gui_basics=1",
					"JUCE_MODULE_AVAILABLE_juce_gui_extra=1",
					"JUCE_GLOBAL_MODULE_SETTINGS_INCLUDED=1",
					"JUCE_VST3_CAN_REPLACE_VST2=0",
					"JUCE_STRICT_REFCOUNTEDPOINTER=1",
					"JucePlugin_Build_VST=0",
					"JucePlugin_Build_VST3=0",
					"JucePlugin_Build_AU=0",
					"JucePlugin_Build_AUv3=0",
					"JucePlugin_Build_AAX=0",
					"JucePlugin_Build_Standalone=1",
					"JucePlugin_Build_Unity=0",
					"JucePlugin_Build_LV2=0",
					"JucePlugin_Enable_IAA=0",
					"JucePlugin_Enable_ARA=0",
					"JucePlugin_Name=\\\"GainPlugin\\\"",
					"JucePlugin_Desc=\\\"GainPlugin\\\"",
					"JucePlugin_Manufacturer=\\\"JUCE\\\"",
					"JucePlugin_ManufacturerWebsite=\\\"http://juce.com\\\"",
					"JucePlugin_ManufacturerEmail=\\\"\\\"",
					"JucePlugin_ManufacturerCode=0x4d616e75",
					"JucePlugin_PluginCode=0x417a7170",
					"JucePlugin_IsSynth=0",
					"JucePlugin_WantsMidiInput=0",
					"JucePlugin_ProducesMidiOutput=0",
					"JucePlugin_IsMidiEffect=0",
					"JucePlugin_EditorRequiresKeyboardFocus=0",
					"JucePlugin_Version=1.0.0",
					"JucePlugin_VersionCode=0x10000",
					"JucePlugin_VersionString=\\\"1.0.0\\\"",
					"JucePlugin_VSTUniqueID=JucePlugin_PluginCode",
					"JucePlugin_VSTCategory=kPlugCategEffect",
					"JucePlugin_Vst3Category=\\\"Fx\\\"",
					"JucePlugin_AUMainType=\\'aufx\\'",
					"JucePlugin_AUSubType=JucePlugin_PluginCode",
					"JucePlugin_AUExportPrefix=GainPluginAU",
					"JucePlugin_AUExportPrefixQuoted=\\\"GainPluginAU\\\"",
					"JucePlugin_AUManufacturerCode=JucePlugin_ManufacturerCode",
					"JucePlugin_CFBundleIdentifier=com.JUCE.GainPlugin",
					"JucePlugin_AAXIdentifier=com.JUCE.GainPlugin",
					"JucePlugin_AAXManufacturerCode=JucePlugin_ManufacturerCode",
					"JucePlugin_AAXProductId=JucePlugin_PluginCode",
					"JucePlugin_AAXCategory=0",
					"JucePlugin_AAXDisableBypass=0",
					"JucePlugin_AAXDisableMultiMono=0",
					"JucePlugin_IAAType=0x61757278",
					"JucePlugin_IAASubType=JucePlugin_PluginCode",
					"JucePlugin_IAAName=\\\"JUCE:\\ GainPlugin\\\"",
					"JucePlugin_VSTNumMidiInputs=16",
					"JucePlugin_VSTNumMidiOutputs=16",
					"JucePlugin_ARAContentTypes=0",
					"JucePlugin_ARATransformationFlags=0",
					"JucePlugin_ARAFactoryID=\\\"com.JUCE.GainPlugin.factory\\\"",
					"JucePlugin_ARADocumentArchiveID=\\\"com.JUCE.GainPlugin.aradocumentarchive.1.0.0\\\"",
					"JucePlugin_ARACompatibleArchiveIDs=\\\"\\\"",
					"JUCE_STANDALONE_APPLICATION=JucePlugin_Build_Standalone",
					"PIP_JUCE_EXAMPLES_DIRECTORY=RDpcQXVkaW9cUmVwb3NcSlVDRVxleGFtcGxlcw==",
					"JUCER_XCODE_MAC_F6D2F4CF=1",
					"JUCE_APP_VERSION=1.0.0",
					"JUCE_APP_VERSION_HEX=0x10000",
				);
				GCC_VERSION = com.apple.compilers.llvm.clang.1_0;
				HEADER_SEARCH_PATHS = (
					/Users/bgillock/Documents/JUCE/modules/juce_audio_processors/format_types/VST3_SDK,
					"$(SRCROOT)/../../JuceLibraryCode",
					/Users/bgillock/Documents/JUCE/modules,
					/Users/bgillock/Documents/JUCE/modules/juce_audio_plugin_client,
					"$(inherited)",
				);
				INFOPLIST_FILE = "Info-Standalone_Plugin.plist";
				INFOPLIST_PREPROCESS = NO;
				MACOSX_DEPLOYMENT_TARGET = 10.11;
				MTL_HEADER_SEARCH_PATHS = "/Users/bgillock/Documents/JUCE/modules/juce_audio_processors/format_types/VST3_SDK $(SRCROOT)/../../JuceLibraryCode /Users/bgillock/Documents/JUCE/modules /Users/bgillock/Documents/JUCE/modules/juce_audio_plugin_client";
				OTHER_LDFLAGS = (
					"-lGainPlugin",
					"-weak_framework",
					Metal,
					"-weak_framework",
					MetalKit,
				);
				PRODUCT_BUNDLE_IDENTIFIER = com.JUCE.GainPlugin;
				PRODUCT_NAME = GainPlugin;
				USE_HEADERMAP = NO;
				VALID_ARCHS = "i386 x86_64 arm64 arm64e";
			};
			name = Debug;
		};
		EB8B36EB26746A1F5FB110E5 /* Debug */ = {
			isa = XCBuildConfiguration;
			buildSettings = {
				CLANG_CXX_LANGUAGE_STANDARD = "c++14";
				CLANG_CXX_LIBRARY = "libc++";
				CLANG_LINK_OBJC_RUNTIME = NO;
				CODE_SIGN_IDENTITY = "";
				COMBINE_HIDPI_IMAGES = YES;
				CONFIGURATION_BUILD_DIR = "$(PROJECT_DIR)/build/$(CONFIGURATION)";
				COPY_PHASE_STRIP = NO;
				DEPLOYMENT_LOCATION = YES;
				DSTROOT = /;
				EXCLUDED_ARCHS = "";
				GCC_DYNAMIC_NO_PIC = NO;
				GCC_OPTIMIZATION_LEVEL = 0;
				GCC_PREPROCESSOR_DEFINITIONS = (
					"_DEBUG=1",
					"DEBUG=1",
					"JUCE_DISPLAY_SPLASH_SCREEN=1",
					"JUCE_USE_DARK_SPLASH_SCREEN=1",
					"JUCE_PROJUCER_VERSION=0x70002",
					"JUCE_MODULE_AVAILABLE_juce_audio_basics=1",
					"JUCE_MODULE_AVAILABLE_juce_audio_devices=1",
					"JUCE_MODULE_AVAILABLE_juce_audio_formats=1",
					"JUCE_MODULE_AVAILABLE_juce_audio_plugin_client=1",
					"JUCE_MODULE_AVAILABLE_juce_audio_processors=1",
					"JUCE_MODULE_AVAILABLE_juce_audio_utils=1",
					"JUCE_MODULE_AVAILABLE_juce_core=1",
					"JUCE_MODULE_AVAILABLE_juce_data_structures=1",
					"JUCE_MODULE_AVAILABLE_juce_dsp=1",
					"JUCE_MODULE_AVAILABLE_juce_events=1",
					"JUCE_MODULE_AVAILABLE_juce_graphics=1",
					"JUCE_MODULE_AVAILABLE_juce_gui_basics=1",
					"JUCE_MODULE_AVAILABLE_juce_gui_extra=1",
					"JUCE_GLOBAL_MODULE_SETTINGS_INCLUDED=1",
					"JUCE_VST3_CAN_REPLACE_VST2=0",
					"JUCE_STRICT_REFCOUNTEDPOINTER=1",
					"JucePlugin_Build_VST=0",
					"JucePlugin_Build_VST3=1",
					"JucePlugin_Build_AU=0",
					"JucePlugin_Build_AUv3=0",
					"JucePlugin_Build_AAX=0",
					"JucePlugin_Build_Standalone=0",
					"JucePlugin_Build_Unity=0",
					"JucePlugin_Build_LV2=0",
					"JucePlugin_Enable_IAA=0",
					"JucePlugin_Enable_ARA=0",
					"JucePlugin_Name=\\\"GainPlugin\\\"",
					"JucePlugin_Desc=\\\"GainPlugin\\\"",
					"JucePlugin_Manufacturer=\\\"JUCE\\\"",
					"JucePlugin_ManufacturerWebsite=\\\"http://juce.com\\\"",
					"JucePlugin_ManufacturerEmail=\\\"\\\"",
					"JucePlugin_ManufacturerCode=0x4d616e75",
					"JucePlugin_PluginCode=0x417a7170",
					"JucePlugin_IsSynth=0",
					"JucePlugin_WantsMidiInput=0",
					"JucePlugin_ProducesMidiOutput=0",
					"JucePlugin_IsMidiEffect=0",
					"JucePlugin_EditorRequiresKeyboardFocus=0",
					"JucePlugin_Version=1.0.0",
					"JucePlugin_VersionCode=0x10000",
					"JucePlugin_VersionString=\\\"1.0.0\\\"",
					"JucePlugin_VSTUniqueID=JucePlugin_PluginCode",
					"JucePlugin_VSTCategory=kPlugCategEffect",
					"JucePlugin_Vst3Category=\\\"Fx\\\"",
					"JucePlugin_AUMainType=\\'aufx\\'",
					"JucePlugin_AUSubType=JucePlugin_PluginCode",
					"JucePlugin_AUExportPrefix=GainPluginAU",
					"JucePlugin_AUExportPrefixQuoted=\\\"GainPluginAU\\\"",
					"JucePlugin_AUManufacturerCode=JucePlugin_ManufacturerCode",
					"JucePlugin_CFBundleIdentifier=com.JUCE.GainPlugin",
					"JucePlugin_AAXIdentifier=com.JUCE.GainPlugin",
					"JucePlugin_AAXManufacturerCode=JucePlugin_ManufacturerCode",
					"JucePlugin_AAXProductId=JucePlugin_PluginCode",
					"JucePlugin_AAXCategory=0",
					"JucePlugin_AAXDisableBypass=0",
					"JucePlugin_AAXDisableMultiMono=0",
					"JucePlugin_IAAType=0x61757278",
					"JucePlugin_IAASubType=JucePlugin_PluginCode",
					"JucePlugin_IAAName=\\\"JUCE:\\ GainPlugin\\\"",
					"JucePlugin_VSTNumMidiInputs=16",
					"JucePlugin_VSTNumMidiOutputs=16",
					"JucePlugin_ARAContentTypes=0",
					"JucePlugin_ARATransformationFlags=0",
					"JucePlugin_ARAFactoryID=\\\"com.JUCE.GainPlugin.factory\\\"",
					"JucePlugin_ARADocumentArchiveID=\\\"com.JUCE.GainPlugin.aradocumentarchive.1.0.0\\\"",
					"JucePlugin_ARACompatibleArchiveIDs=\\\"\\\"",
					"JUCE_STANDALONE_APPLICATION=JucePlugin_Build_Standalone",
					"PIP_JUCE_EXAMPLES_DIRECTORY=RDpcQXVkaW9cUmVwb3NcSlVDRVxleGFtcGxlcw==",
					"JUCER_XCODE_MAC_F6D2F4CF=1",
					"JUCE_APP_VERSION=1.0.0",
					"JUCE_APP_VERSION_HEX=0x10000",
				);
				GCC_VERSION = com.apple.compilers.llvm.clang.1_0;
				GENERATE_PKGINFO_FILE = YES;
				HEADER_SEARCH_PATHS = (
					/Users/bgillock/Documents/JUCE/modules/juce_audio_processors/format_types/VST3_SDK,
					"$(SRCROOT)/../../JuceLibraryCode",
					/Users/bgillock/Documents/JUCE/modules,
					/Users/bgillock/Documents/JUCE/modules/juce_audio_plugin_client,
					"$(inherited)",
				);
				INFOPLIST_FILE = "Info-VST3.plist";
				INFOPLIST_PREPROCESS = NO;
				INSTALL_PATH = "$(HOME)/Library/Audio/Plug-Ins/VST3/";
				LIBRARY_STYLE = Bundle;
				MACOSX_DEPLOYMENT_TARGET = 10.11;
				MTL_HEADER_SEARCH_PATHS = "/Users/bgillock/Documents/JUCE/modules/juce_audio_processors/format_types/VST3_SDK $(SRCROOT)/../../JuceLibraryCode /Users/bgillock/Documents/JUCE/modules /Users/bgillock/Documents/JUCE/modules/juce_audio_plugin_client";
				OTHER_LDFLAGS = (
					"-bundle",
					"-lGainPlugin",
					"-weak_framework",
					Metal,
					"-weak_framework",
					MetalKit,
				);
				PRODUCT_BUNDLE_IDENTIFIER = com.JUCE.GainPlugin;
				PRODUCT_NAME = GainPlugin;
				USE_HEADERMAP = NO;
				VALID_ARCHS = "i386 x86_64 arm64 arm64e";
				WRAPPER_EXTENSION = vst3;
			};
			name = Debug;
		};
		F08B567CB8DFA9FC8D711192 /* Release */ = {
			isa = XCBuildConfiguration;
			buildSettings = {
				CLANG_CXX_LANGUAGE_STANDARD = "c++14";
				CLANG_CXX_LIBRARY = "libc++";
				CLANG_LINK_OBJC_RUNTIME = NO;
				CODE_SIGN_IDENTITY = "";
				COMBINE_HIDPI_IMAGES = YES;
				CONFIGURATION_BUILD_DIR = "$(PROJECT_DIR)/build/$(CONFIGURATION)";
				DEAD_CODE_STRIPPING = YES;
				DEPLOYMENT_LOCATION = YES;
				DSTROOT = /;
				EXCLUDED_ARCHS = "";
				GCC_GENERATE_DEBUGGING_SYMBOLS = NO;
				GCC_OPTIMIZATION_LEVEL = 3;
				GCC_PREPROCESSOR_DEFINITIONS = (
					"_NDEBUG=1",
					"NDEBUG=1",
					"JUCE_DISPLAY_SPLASH_SCREEN=1",
					"JUCE_USE_DARK_SPLASH_SCREEN=1",
					"JUCE_PROJUCER_VERSION=0x70002",
					"JUCE_MODULE_AVAILABLE_juce_audio_basics=1",
					"JUCE_MODULE_AVAILABLE_juce_audio_devices=1",
					"JUCE_MODULE_AVAILABLE_juce_audio_formats=1",
					"JUCE_MODULE_AVAILABLE_juce_audio_plugin_client=1",
					"JUCE_MODULE_AVAILABLE_juce_audio_processors=1",
					"JUCE_MODULE_AVAILABLE_juce_audio_utils=1",
					"JUCE_MODULE_AVAILABLE_juce_core=1",
					"JUCE_MODULE_AVAILABLE_juce_data_structures=1",
					"JUCE_MODULE_AVAILABLE_juce_dsp=1",
					"JUCE_MODULE_AVAILABLE_juce_events=1",
					"JUCE_MODULE_AVAILABLE_juce_graphics=1",
					"JUCE_MODULE_AVAILABLE_juce_gui_basics=1",
					"JUCE_MODULE_AVAILABLE_juce_gui_extra=1",
					"JUCE_GLOBAL_MODULE_SETTINGS_INCLUDED=1",
					"JUCE_VST3_CAN_REPLACE_VST2=0",
					"JUCE_STRICT_REFCOUNTEDPOINTER=1",
					"JucePlugin_Build_VST=0",
					"JucePlugin_Build_VST3=0",
					"JucePlugin_Build_AU=1",
					"JucePlugin_Build_AUv3=0",
					"JucePlugin_Build_AAX=0",
					"JucePlugin_Build_Standalone=0",
					"JucePlugin_Build_Unity=0",
					"JucePlugin_Build_LV2=0",
					"JucePlugin_Enable_IAA=0",
					"JucePlugin_Enable_ARA=0",
					"JucePlugin_Name=\\\"GainPlugin\\\"",
					"JucePlugin_Desc=\\\"GainPlugin\\\"",
					"JucePlugin_Manufacturer=\\\"JUCE\\\"",
					"JucePlugin_ManufacturerWebsite=\\\"http://juce.com\\\"",
					"JucePlugin_ManufacturerEmail=\\\"\\\"",
					"JucePlugin_ManufacturerCode=0x4d616e75",
					"JucePlugin_PluginCode=0x417a7170",
					"JucePlugin_IsSynth=0",
					"JucePlugin_WantsMidiInput=0",
					"JucePlugin_ProducesMidiOutput=0",
					"JucePlugin_IsMidiEffect=0",
					"JucePlugin_EditorRequiresKeyboardFocus=0",
					"JucePlugin_Version=1.0.0",
					"JucePlugin_VersionCode=0x10000",
					"JucePlugin_VersionString=\\\"1.0.0\\\"",
					"JucePlugin_VSTUniqueID=JucePlugin_PluginCode",
					"JucePlugin_VSTCategory=kPlugCategEffect",
					"JucePlugin_Vst3Category=\\\"Fx\\\"",
					"JucePlugin_AUMainType=\\'aufx\\'",
					"JucePlugin_AUSubType=JucePlugin_PluginCode",
					"JucePlugin_AUExportPrefix=GainPluginAU",
					"JucePlugin_AUExportPrefixQuoted=\\\"GainPluginAU\\\"",
					"JucePlugin_AUManufacturerCode=JucePlugin_ManufacturerCode",
					"JucePlugin_CFBundleIdentifier=com.JUCE.GainPlugin",
					"JucePlugin_AAXIdentifier=com.JUCE.GainPlugin",
					"JucePlugin_AAXManufacturerCode=JucePlugin_ManufacturerCode",
					"JucePlugin_AAXProductId=JucePlugin_PluginCode",
					"JucePlugin_AAXCategory=0",
					"JucePlugin_AAXDisableBypass=0",
					"JucePlugin_AAXDisableMultiMono=0",
					"JucePlugin_IAAType=0x61757278",
					"JucePlugin_IAASubType=JucePlugin_PluginCode",
					"JucePlugin_IAAName=\\\"JUCE:\\ GainPlugin\\\"",
					"JucePlugin_VSTNumMidiInputs=16",
					"JucePlugin_VSTNumMidiOutputs=16",
					"JucePlugin_ARAContentTypes=0",
					"JucePlugin_ARATransformationFlags=0",
					"JucePlugin_ARAFactoryID=\\\"com.JUCE.GainPlugin.factory\\\"",
					"JucePlugin_ARADocumentArchiveID=\\\"com.JUCE.GainPlugin.aradocumentarchive.1.0.0\\\"",
					"JucePlugin_ARACompatibleArchiveIDs=\\\"\\\"",
					"JUCE_STANDALONE_APPLICATION=JucePlugin_Build_Standalone",
					"PIP_JUCE_EXAMPLES_DIRECTORY=RDpcQXVkaW9cUmVwb3NcSlVDRVxleGFtcGxlcw==",
					"JUCER_XCODE_MAC_F6D2F4CF=1",
					"JUCE_APP_VERSION=1.0.0",
					"JUCE_APP_VERSION_HEX=0x10000",
				);
				GCC_VERSION = com.apple.compilers.llvm.clang.1_0;
				GENERATE_PKGINFO_FILE = YES;
				HEADER_SEARCH_PATHS = (
					/Users/bgillock/Documents/JUCE/modules/juce_audio_processors/format_types/VST3_SDK,
					"$(SRCROOT)/../../JuceLibraryCode",
					/Users/bgillock/Documents/JUCE/modules,
					/Users/bgillock/Documents/JUCE/modules/juce_audio_plugin_client,
					"$(inherited)",
				);
				INFOPLIST_FILE = "Info-AU.plist";
				INFOPLIST_PREPROCESS = NO;
				INSTALL_PATH = "$(HOME)/Library/Audio/Plug-Ins/Components/";
				LIBRARY_STYLE = Bundle;
				LLVM_LTO = YES;
				MACOSX_DEPLOYMENT_TARGET = 10.11;
				MTL_HEADER_SEARCH_PATHS = "/Users/bgillock/Documents/JUCE/modules/juce_audio_processors/format_types/VST3_SDK $(SRCROOT)/../../JuceLibraryCode /Users/bgillock/Documents/JUCE/modules /Users/bgillock/Documents/JUCE/modules/juce_audio_plugin_client";
				OTHER_LDFLAGS = (
					"-bundle",
					"-lGainPlugin",
					"-weak_framework",
					Metal,
					"-weak_framework",
					MetalKit,
				);
				OTHER_REZFLAGS = "-d ppc_$ppc -d i386_$i386 -d ppc64_$ppc64 -d x86_64_$x86_64 -d arm64_$arm64 -I /System/Library/Frameworks/CoreServices.framework/Frameworks/CarbonCore.framework/Versions/A/Headers -I \"$(DEVELOPER_DIR)/Extras/CoreAudio/AudioUnits/AUPublic/AUBase\" -I \"$(DEVELOPER_DIR)/Platforms/MacOSX.platform/Developer/SDKs/MacOSX.sdk/System/Library/Frameworks/AudioUnit.framework/Headers\"";
				PRODUCT_BUNDLE_IDENTIFIER = com.JUCE.GainPlugin;
				PRODUCT_NAME = GainPlugin;
				USE_HEADERMAP = NO;
				VALID_ARCHS = "i386 x86_64 arm64 arm64e";
				WRAPPER_EXTENSION = component;
			};
			name = Release;
		};
/* End XCBuildConfiguration section */

/* Begin XCConfigurationList section */
		2682900E93E53DA9DD5A51AD /* Build configuration list for PBXNativeTarget "GainPlugin - Shared Code" */ = {
			isa = XCConfigurationList;
			buildConfigurations = (
				1EA9D0C39E246CD7FD137A45 /* Debug */,
				DD184D844B3848B5EBBEDF57 /* Release */,
			);
			defaultConfigurationIsVisible = 0;
			defaultConfigurationName = Debug;
		};
		36DC3B5D316AC7D129F3FFA6 /* Build configuration list for PBXNativeTarget "GainPlugin - VST3" */ = {
			isa = XCConfigurationList;
			buildConfigurations = (
				EB8B36EB26746A1F5FB110E5 /* Debug */,
				3641EBACBD9BDCBA97B5EBF4 /* Release */,
			);
			defaultConfigurationIsVisible = 0;
			defaultConfigurationName = Debug;
		};
		52D61FD397DC70BE364C7EA7 /* Build configuration list for PBXNativeTarget "GainPlugin - AU" */ = {
			isa = XCConfigurationList;
			buildConfigurations = (
				45510C3F23BCA22F9957A2EB /* Debug */,
				F08B567CB8DFA9FC8D711192 /* Release */,
			);
			defaultConfigurationIsVisible = 0;
			defaultConfigurationName = Debug;
		};
		63CFB176E7644BF99DF07F58 /* Build configuration list for PBXProject "GainPlugin" */ = {
			isa = XCConfigurationList;
			buildConfigurations = (
				746E8175DA7441EA45C152FC /* Release */,
				97CF019C797F3EB7305D3A6F /* Debug */,
			);
			defaultConfigurationIsVisible = 0;
			defaultConfigurationName = Debug;
		};
		BFAECE57F6359AFA4C586085 /* Build configuration list for PBXNativeTarget "GainPlugin - Standalone Plugin" */ = {
			isa = XCConfigurationList;
			buildConfigurations = (
				E186280C994C1C8D9D8ED994 /* Debug */,
				D386AD9031652C8948580DC2 /* Release */,
			);
			defaultConfigurationIsVisible = 0;
			defaultConfigurationName = Debug;
		};
		E638D2B3271C345591C65BBA /* Build configuration list for PBXAggregateTarget "GainPlugin - All" */ = {
			isa = XCConfigurationList;
			buildConfigurations = (
				AAF0F256226CE702326970CE /* Debug */,
				3FD6884761A545BFDEAB320C /* Release */,
			);
			defaultConfigurationIsVisible = 0;
			defaultConfigurationName = Debug;
		};
/* End XCConfigurationList section */
	};
	rootObject = 2517FA45B1A2073314F92BDA /* Project object */;
}
